
Microsoft Visual Studio Solution File, Format Version 12.00
# Visual Studio 2013
VisualStudioVersion = 12.0.31101.0
MinimumVisualStudioVersion = 10.0.40219.1
Project("{FAE04EC0-301F-11D3-BF4B-00C04F79EFBC}") = "SimplePersist", "SimplePersist\SimplePersist.csproj", "{F2D42263-C177-425C-B69C-6D53B1F4AAA0}"
EndProject
Project("{FAE04EC0-301F-11D3-BF4B-00C04F79EFBC}") = "SimplePersist.Serializers.JsonNet", "SimplePersist.Serializers.JsonNet\SimplePersist.Serializers.JsonNet.csproj", "{74620697-8038-40D4-B394-9988D23B37EE}"
EndProject
Project("{FAE04EC0-301F-11D3-BF4B-00C04F79EFBC}") = "SimplePersist.Persistence.FlatFiles", "SimplePersist.Persistence.FlatFiles\SimplePersist.Persistence.FlatFiles.csproj", "{DD77F37C-44C6-4CF1-9A6C-E736B82C06AD}"
EndProject
Project("{FAE04EC0-301F-11D3-BF4B-00C04F79EFBC}") = "SimplePersist.Tests", "SimplePersist.Tests\SimplePersist.Tests.csproj", "{898657E5-0795-47C8-86A1-AB517F7CB8E9}"
EndProject
Project("{2150E333-8FDC-42A3-9474-1A3956D46DE8}") = "Core", "Core", "{886A14E5-08BB-4501-9B33-EA2CC4F3ABD9}"
EndProject
Project("{FAE04EC0-301F-11D3-BF4B-00C04F79EFBC}") = "Core", "..\Core\Core\Core.csproj", "{B9E61CDC-72BD-4158-B77E-6850455A07CD}"
EndProject
Project("{FAE04EC0-301F-11D3-BF4B-00C04F79EFBC}") = "SimplePersist.Contracts", "SimplePersist.Contracts\SimplePersist.Contracts.csproj", "{E3DFE2CA-6523-4A70-A145-22B43CF2DE8D}"
EndProject
Global
	GlobalSection(SolutionConfigurationPlatforms) = preSolution
		Debug|Any CPU = Debug|Any CPU
		Release|Any CPU = Release|Any CPU
	EndGlobalSection
	GlobalSection(ProjectConfigurationPlatforms) = postSolution
		{F2D42263-C177-425C-B69C-6D53B1F4AAA0}.Debug|Any CPU.ActiveCfg = Debug|Any CPU
		{F2D42263-C177-425C-B69C-6D53B1F4AAA0}.Debug|Any CPU.Build.0 = Debug|Any CPU
		{F2D42263-C177-425C-B69C-6D53B1F4AAA0}.Release|Any CPU.ActiveCfg = Release|Any CPU
		{F2D42263-C177-425C-B69C-6D53B1F4AAA0}.Release|Any CPU.Build.0 = Release|Any CPU
		{74620697-8038-40D4-B394-9988D23B37EE}.Debug|Any CPU.ActiveCfg = Debug|Any CPU
		{74620697-8038-40D4-B394-9988D23B37EE}.Debug|Any CPU.Build.0 = Debug|Any CPU
		{74620697-8038-40D4-B394-9988D23B37EE}.Release|Any CPU.ActiveCfg = Release|Any CPU
		{74620697-8038-40D4-B394-9988D23B37EE}.Release|Any CPU.Build.0 = Release|Any CPU
		{DD77F37C-44C6-4CF1-9A6C-E736B82C06AD}.Debug|Any CPU.ActiveCfg = Debug|Any CPU
		{DD77F37C-44C6-4CF1-9A6C-E736B82C06AD}.Debug|Any CPU.Build.0 = Debug|Any CPU
		{DD77F37C-44C6-4CF1-9A6C-E736B82C06AD}.Release|Any CPU.ActiveCfg = Release|Any CPU
		{DD77F37C-44C6-4CF1-9A6C-E736B82C06AD}.Release|Any CPU.Build.0 = Release|Any CPU
		{898657E5-0795-47C8-86A1-AB517F7CB8E9}.Debug|Any CPU.ActiveCfg = Debug|Any CPU
		{898657E5-0795-47C8-86A1-AB517F7CB8E9}.Debug|Any CPU.Build.0 = Debug|Any CPU
		{898657E5-0795-47C8-86A1-AB517F7CB8E9}.Release|Any CPU.ActiveCfg = Release|Any CPU
		{898657E5-0795-47C8-86A1-AB517F7CB8E9}.Release|Any CPU.Build.0 = Release|Any CPU
		{B9E61CDC-72BD-4158-B77E-6850455A07CD}.Debug|Any CPU.ActiveCfg = Debug|Any CPU
		{B9E61CDC-72BD-4158-B77E-6850455A07CD}.Debug|Any CPU.Build.0 = Debug|Any CPU
		{B9E61CDC-72BD-4158-B77E-6850455A07CD}.Release|Any CPU.ActiveCfg = Release|Any CPU
		{B9E61CDC-72BD-4158-B77E-6850455A07CD}.Release|Any CPU.Build.0 = Release|Any CPU
		{E3DFE2CA-6523-4A70-A145-22B43CF2DE8D}.Debug|Any CPU.ActiveCfg = Debug|Any CPU
		{E3DFE2CA-6523-4A70-A145-22B43CF2DE8D}.Debug|Any CPU.Build.0 = Debug|Any CPU
		{E3DFE2CA-6523-4A70-A145-22B43CF2DE8D}.Release|Any CPU.ActiveCfg = Release|Any CPU
		{E3DFE2CA-6523-4A70-A145-22B43CF2DE8D}.Release|Any CPU.Build.0 = Release|Any CPU
	EndGlobalSection
	GlobalSection(SolutionProperties) = preSolution
		HideSolutionNode = FALSE
	EndGlobalSection
	GlobalSection(NestedProjects) = preSolution
		{B9E61CDC-72BD-4158-B77E-6850455A07CD} = {886A14E5-08BB-4501-9B33-EA2CC4F3ABD9}
	EndGlobalSection
EndGlobal
