
Microsoft Visual Studio Solution File, Format Version 12.00
# Visual Studio 2013
VisualStudioVersion = 12.0.31101.0
MinimumVisualStudioVersion = 10.0.40219.1
Project("{FAE04EC0-301F-11D3-BF4B-00C04F79EFBC}") = "WurmAssistant3", "WurmAssistant3\WurmAssistant3.csproj", "{3C3A7717-408F-44F5-9760-7F8B6141B8F5}"
EndProject
Project("{FAE04EC0-301F-11D3-BF4B-00C04F79EFBC}") = "Core", "..\Core\Core\Core.csproj", "{B9E61CDC-72BD-4158-B77E-6850455A07CD}"
EndProject
Project("{2150E333-8FDC-42A3-9474-1A3956D46DE8}") = "AldurSoft.Core", "AldurSoft.Core", "{235875A5-4603-44E2-97B9-E34AE5A07F28}"
EndProject
Project("{FAE04EC0-301F-11D3-BF4B-00C04F79EFBC}") = "WurmAssistant3.Tests", "WurmAssistant3.Tests\WurmAssistant3.Tests.csproj", "{84D98C9C-03C8-4133-A47C-32577D463AB4}"
EndProject
Project("{FAE04EC0-301F-11D3-BF4B-00C04F79EFBC}") = "Core.Testing", "..\Core\Core.Testing\Core.Testing.csproj", "{6E2DB07A-E220-4E96-AC4B-4FDFBD275A21}"
EndProject
Project("{FAE04EC0-301F-11D3-BF4B-00C04F79EFBC}") = "Core.AppFramework.Wpf", "..\Core\Core.AppFramework.Wpf\Core.AppFramework.Wpf.csproj", "{D2EF2E16-1001-497F-8420-9EAC02AA967F}"
EndProject
Project("{FAE04EC0-301F-11D3-BF4B-00C04F79EFBC}") = "Core.AppFramework", "..\Core\Core.AppFramework\Core.AppFramework.csproj", "{55119D31-8DAD-4C1E-B74B-A61A291D2E70}"
EndProject
Project("{FAE04EC0-301F-11D3-BF4B-00C04F79EFBC}") = "WurmAssistant3.Contracts", "WurmAssistant3.Contracts\WurmAssistant3.Contracts.csproj", "{359B3172-892D-4B29-9EAC-AEBF858CF5FE}"
EndProject
Project("{FAE04EC0-301F-11D3-BF4B-00C04F79EFBC}") = "WurmAssistant3.Engine", "WurmAssistant3.Engine\WurmAssistant3.Engine.csproj", "{5BFF4049-2EE2-4CD6-A74A-5FC3011F0CDB}"
EndProject
Global
	GlobalSection(SolutionConfigurationPlatforms) = preSolution
		Debug|Any CPU = Debug|Any CPU
		Release|Any CPU = Release|Any CPU
	EndGlobalSection
	GlobalSection(ProjectConfigurationPlatforms) = postSolution
		{3C3A7717-408F-44F5-9760-7F8B6141B8F5}.Debug|Any CPU.ActiveCfg = Debug|Any CPU
		{3C3A7717-408F-44F5-9760-7F8B6141B8F5}.Debug|Any CPU.Build.0 = Debug|Any CPU
		{3C3A7717-408F-44F5-9760-7F8B6141B8F5}.Release|Any CPU.ActiveCfg = Release|Any CPU
		{3C3A7717-408F-44F5-9760-7F8B6141B8F5}.Release|Any CPU.Build.0 = Release|Any CPU
		{B9E61CDC-72BD-4158-B77E-6850455A07CD}.Debug|Any CPU.ActiveCfg = Debug|Any CPU
		{B9E61CDC-72BD-4158-B77E-6850455A07CD}.Debug|Any CPU.Build.0 = Debug|Any CPU
		{B9E61CDC-72BD-4158-B77E-6850455A07CD}.Release|Any CPU.ActiveCfg = Release|Any CPU
		{B9E61CDC-72BD-4158-B77E-6850455A07CD}.Release|Any CPU.Build.0 = Release|Any CPU
		{84D98C9C-03C8-4133-A47C-32577D463AB4}.Debug|Any CPU.ActiveCfg = Debug|Any CPU
		{84D98C9C-03C8-4133-A47C-32577D463AB4}.Debug|Any CPU.Build.0 = Debug|Any CPU
		{84D98C9C-03C8-4133-A47C-32577D463AB4}.Release|Any CPU.ActiveCfg = Release|Any CPU
		{84D98C9C-03C8-4133-A47C-32577D463AB4}.Release|Any CPU.Build.0 = Release|Any CPU
		{6E2DB07A-E220-4E96-AC4B-4FDFBD275A21}.Debug|Any CPU.ActiveCfg = Debug|Any CPU
		{6E2DB07A-E220-4E96-AC4B-4FDFBD275A21}.Debug|Any CPU.Build.0 = Debug|Any CPU
		{6E2DB07A-E220-4E96-AC4B-4FDFBD275A21}.Release|Any CPU.ActiveCfg = Release|Any CPU
		{6E2DB07A-E220-4E96-AC4B-4FDFBD275A21}.Release|Any CPU.Build.0 = Release|Any CPU
		{D2EF2E16-1001-497F-8420-9EAC02AA967F}.Debug|Any CPU.ActiveCfg = Debug|Any CPU
		{D2EF2E16-1001-497F-8420-9EAC02AA967F}.Debug|Any CPU.Build.0 = Debug|Any CPU
		{D2EF2E16-1001-497F-8420-9EAC02AA967F}.Release|Any CPU.ActiveCfg = Release|Any CPU
		{D2EF2E16-1001-497F-8420-9EAC02AA967F}.Release|Any CPU.Build.0 = Release|Any CPU
		{55119D31-8DAD-4C1E-B74B-A61A291D2E70}.Debug|Any CPU.ActiveCfg = Debug|Any CPU
		{55119D31-8DAD-4C1E-B74B-A61A291D2E70}.Debug|Any CPU.Build.0 = Debug|Any CPU
		{55119D31-8DAD-4C1E-B74B-A61A291D2E70}.Release|Any CPU.ActiveCfg = Release|Any CPU
		{55119D31-8DAD-4C1E-B74B-A61A291D2E70}.Release|Any CPU.Build.0 = Release|Any CPU
		{359B3172-892D-4B29-9EAC-AEBF858CF5FE}.Debug|Any CPU.ActiveCfg = Debug|Any CPU
		{359B3172-892D-4B29-9EAC-AEBF858CF5FE}.Debug|Any CPU.Build.0 = Debug|Any CPU
		{359B3172-892D-4B29-9EAC-AEBF858CF5FE}.Release|Any CPU.ActiveCfg = Release|Any CPU
		{359B3172-892D-4B29-9EAC-AEBF858CF5FE}.Release|Any CPU.Build.0 = Release|Any CPU
		{5BFF4049-2EE2-4CD6-A74A-5FC3011F0CDB}.Debug|Any CPU.ActiveCfg = Debug|Any CPU
		{5BFF4049-2EE2-4CD6-A74A-5FC3011F0CDB}.Debug|Any CPU.Build.0 = Debug|Any CPU
		{5BFF4049-2EE2-4CD6-A74A-5FC3011F0CDB}.Release|Any CPU.ActiveCfg = Release|Any CPU
		{5BFF4049-2EE2-4CD6-A74A-5FC3011F0CDB}.Release|Any CPU.Build.0 = Release|Any CPU
	EndGlobalSection
	GlobalSection(SolutionProperties) = preSolution
		HideSolutionNode = FALSE
	EndGlobalSection
	GlobalSection(NestedProjects) = preSolution
		{B9E61CDC-72BD-4158-B77E-6850455A07CD} = {235875A5-4603-44E2-97B9-E34AE5A07F28}
		{6E2DB07A-E220-4E96-AC4B-4FDFBD275A21} = {235875A5-4603-44E2-97B9-E34AE5A07F28}
		{D2EF2E16-1001-497F-8420-9EAC02AA967F} = {235875A5-4603-44E2-97B9-E34AE5A07F28}
		{55119D31-8DAD-4C1E-B74B-A61A291D2E70} = {235875A5-4603-44E2-97B9-E34AE5A07F28}
	EndGlobalSection
EndGlobal
