
Microsoft Visual Studio Solution File, Format Version 12.00
# Visual Studio 2013
VisualStudioVersion = 12.0.31101.0
MinimumVisualStudioVersion = 10.0.40219.1
Project("{FAE04EC0-301F-11D3-BF4B-00C04F79EFBC}") = "WurmAssistant3", "WurmAssistant3\WurmAssistant3.csproj", "{3C3A7717-408F-44F5-9760-7F8B6141B8F5}"
EndProject
Project("{FAE04EC0-301F-11D3-BF4B-00C04F79EFBC}") = "WurmApi", "..\WurmApi\WurmApi\WurmApi.csproj", "{F23B8AD5-5C3B-4C9A-BC11-3577F1CB3272}"
EndProject
Project("{2150E333-8FDC-42A3-9474-1A3956D46DE8}") = "External", "External", "{665FD57A-4B5D-4365-B01F-521DC7C657FD}"
EndProject
Project("{FAE04EC0-301F-11D3-BF4B-00C04F79EFBC}") = "Core", "..\Core\Core\Core.csproj", "{B9E61CDC-72BD-4158-B77E-6850455A07CD}"
EndProject
Project("{2150E333-8FDC-42A3-9474-1A3956D46DE8}") = "AldurSoft.Core", "AldurSoft.Core", "{235875A5-4603-44E2-97B9-E34AE5A07F28}"
EndProject
Project("{2150E333-8FDC-42A3-9474-1A3956D46DE8}") = "AldurSoft.WurmApi", "AldurSoft.WurmApi", "{04DBFBA7-205C-4185-80B6-B9965D5F4902}"
EndProject
Project("{2150E333-8FDC-42A3-9474-1A3956D46DE8}") = "AldurSoft.SimplePersist", "AldurSoft.SimplePersist", "{3E7AD210-0236-4D6B-BC46-DF66BBFCA6E4}"
EndProject
Project("{FAE04EC0-301F-11D3-BF4B-00C04F79EFBC}") = "SimplePersist", "..\SimplePersist\SimplePersist\SimplePersist.csproj", "{F2D42263-C177-425C-B69C-6D53B1F4AAA0}"
EndProject
Project("{FAE04EC0-301F-11D3-BF4B-00C04F79EFBC}") = "SimplePersist.Persistence.FlatFiles", "..\SimplePersist\SimplePersist.Persistence.FlatFiles\SimplePersist.Persistence.FlatFiles.csproj", "{DD77F37C-44C6-4CF1-9A6C-E736B82C06AD}"
EndProject
Project("{FAE04EC0-301F-11D3-BF4B-00C04F79EFBC}") = "SimplePersist.Serializers.JsonNet", "..\SimplePersist\SimplePersist.Serializers.JsonNet\SimplePersist.Serializers.JsonNet.csproj", "{74620697-8038-40D4-B394-9988D23B37EE}"
EndProject
Project("{FAE04EC0-301F-11D3-BF4B-00C04F79EFBC}") = "WurmAssistant3.Tests", "WurmAssistant3.Tests\WurmAssistant3.Tests.csproj", "{84D98C9C-03C8-4133-A47C-32577D463AB4}"
EndProject
Project("{FAE04EC0-301F-11D3-BF4B-00C04F79EFBC}") = "Core.Testing", "..\Core\Core.Testing\Core.Testing.csproj", "{6E2DB07A-E220-4E96-AC4B-4FDFBD275A21}"
EndProject
Project("{FAE04EC0-301F-11D3-BF4B-00C04F79EFBC}") = "Core.AppFramework.Wpf", "..\Core\Core.AppFramework.Wpf\Core.AppFramework.Wpf.csproj", "{D2EF2E16-1001-497F-8420-9EAC02AA967F}"
EndProject
Project("{FAE04EC0-301F-11D3-BF4B-00C04F79EFBC}") = "Core.AppFramework", "..\Core\Core.AppFramework\Core.AppFramework.csproj", "{55119D31-8DAD-4C1E-B74B-A61A291D2E70}"
EndProject
Project("{FAE04EC0-301F-11D3-BF4B-00C04F79EFBC}") = "SimplePersist.Contracts", "..\SimplePersist\SimplePersist.Contracts\SimplePersist.Contracts.csproj", "{E3DFE2CA-6523-4A70-A145-22B43CF2DE8D}"
EndProject
Project("{FAE04EC0-301F-11D3-BF4B-00C04F79EFBC}") = "WurmApi.Contracts", "..\WurmApi\WurmApi.Contracts\WurmApi.Contracts.csproj", "{8F480CB0-5EE3-4AD7-A209-21EAB461EBB3}"
EndProject
Project("{FAE04EC0-301F-11D3-BF4B-00C04F79EFBC}") = "WurmApi.Impl", "..\WurmApi\WurmApi.Impl\WurmApi.Impl.csproj", "{147284AB-A3D5-4322-92B0-E6ECC8CC7059}"
EndProject
Project("{FAE04EC0-301F-11D3-BF4B-00C04F79EFBC}") = "WurmAssistant3.Contracts", "WurmAssistant3.Contracts\WurmAssistant3.Contracts.csproj", "{359B3172-892D-4B29-9EAC-AEBF858CF5FE}"
EndProject
Project("{FAE04EC0-301F-11D3-BF4B-00C04F79EFBC}") = "WurmAssistant3.Engine", "WurmAssistant3.Engine\WurmAssistant3.Engine.csproj", "{5BFF4049-2EE2-4CD6-A74A-5FC3011F0CDB}"
EndProject
Project("{FAE04EC0-301F-11D3-BF4B-00C04F79EFBC}") = "WurmAssistant3.LegacyCodebase", "WurmAssistant3.LegacyCodebase\WurmAssistant3.LegacyCodebase.csproj", "{4147638A-47BE-4F94-B530-6E8BB8E0CA13}"
EndProject
Project("{2150E333-8FDC-42A3-9474-1A3956D46DE8}") = "AldursLab", "AldursLab", "{BC598554-B6B8-46B9-B1CA-28DDC16C7835}"
EndProject
Project("{FAE04EC0-301F-11D3-BF4B-00C04F79EFBC}") = "Essentials", "..\..\AldursLab\Lab\Essentials\Essentials.csproj", "{E7E145ED-1938-4C09-B432-DC7D7A2D5DDB}"
EndProject
Project("{FAE04EC0-301F-11D3-BF4B-00C04F79EFBC}") = "PersistentObjects", "..\..\AldursLab\Lab\PersistentObjects\PersistentObjects.csproj", "{0962A106-B1B2-4E21-9931-81D68A98ED37}"
EndProject
Project("{FAE04EC0-301F-11D3-BF4B-00C04F79EFBC}") = "PersistentObjects.FlatFiles", "..\..\AldursLab\Lab\PersistentObjects.FlatFiles\PersistentObjects.FlatFiles.csproj", "{6322FD00-9AAA-40D9-8C6F-515CC4290B45}"
EndProject
Project("{FAE04EC0-301F-11D3-BF4B-00C04F79EFBC}") = "Testing", "..\..\AldursLab\Lab\Testing\Testing.csproj", "{A0CE70F0-6F13-47F5-9B61-69F6BE1AB082}"
EndProject
Global
	GlobalSection(SolutionConfigurationPlatforms) = preSolution
		Debug|Any CPU = Debug|Any CPU
		Release|Any CPU = Release|Any CPU
	EndGlobalSection
	GlobalSection(ProjectConfigurationPlatforms) = postSolution
		{3C3A7717-408F-44F5-9760-7F8B6141B8F5}.Debug|Any CPU.ActiveCfg = Debug|Any CPU
		{3C3A7717-408F-44F5-9760-7F8B6141B8F5}.Debug|Any CPU.Build.0 = Debug|Any CPU
		{3C3A7717-408F-44F5-9760-7F8B6141B8F5}.Release|Any CPU.ActiveCfg = Release|Any CPU
		{3C3A7717-408F-44F5-9760-7F8B6141B8F5}.Release|Any CPU.Build.0 = Release|Any CPU
		{F23B8AD5-5C3B-4C9A-BC11-3577F1CB3272}.Debug|Any CPU.ActiveCfg = Debug|Any CPU
		{F23B8AD5-5C3B-4C9A-BC11-3577F1CB3272}.Debug|Any CPU.Build.0 = Debug|Any CPU
		{F23B8AD5-5C3B-4C9A-BC11-3577F1CB3272}.Release|Any CPU.ActiveCfg = Release|Any CPU
		{F23B8AD5-5C3B-4C9A-BC11-3577F1CB3272}.Release|Any CPU.Build.0 = Release|Any CPU
		{B9E61CDC-72BD-4158-B77E-6850455A07CD}.Debug|Any CPU.ActiveCfg = Debug|Any CPU
		{B9E61CDC-72BD-4158-B77E-6850455A07CD}.Debug|Any CPU.Build.0 = Debug|Any CPU
		{B9E61CDC-72BD-4158-B77E-6850455A07CD}.Release|Any CPU.ActiveCfg = Release|Any CPU
		{B9E61CDC-72BD-4158-B77E-6850455A07CD}.Release|Any CPU.Build.0 = Release|Any CPU
		{F2D42263-C177-425C-B69C-6D53B1F4AAA0}.Debug|Any CPU.ActiveCfg = Debug|Any CPU
		{F2D42263-C177-425C-B69C-6D53B1F4AAA0}.Debug|Any CPU.Build.0 = Debug|Any CPU
		{F2D42263-C177-425C-B69C-6D53B1F4AAA0}.Release|Any CPU.ActiveCfg = Release|Any CPU
		{F2D42263-C177-425C-B69C-6D53B1F4AAA0}.Release|Any CPU.Build.0 = Release|Any CPU
		{DD77F37C-44C6-4CF1-9A6C-E736B82C06AD}.Debug|Any CPU.ActiveCfg = Debug|Any CPU
		{DD77F37C-44C6-4CF1-9A6C-E736B82C06AD}.Debug|Any CPU.Build.0 = Debug|Any CPU
		{DD77F37C-44C6-4CF1-9A6C-E736B82C06AD}.Release|Any CPU.ActiveCfg = Release|Any CPU
		{DD77F37C-44C6-4CF1-9A6C-E736B82C06AD}.Release|Any CPU.Build.0 = Release|Any CPU
		{74620697-8038-40D4-B394-9988D23B37EE}.Debug|Any CPU.ActiveCfg = Debug|Any CPU
		{74620697-8038-40D4-B394-9988D23B37EE}.Debug|Any CPU.Build.0 = Debug|Any CPU
		{74620697-8038-40D4-B394-9988D23B37EE}.Release|Any CPU.ActiveCfg = Release|Any CPU
		{74620697-8038-40D4-B394-9988D23B37EE}.Release|Any CPU.Build.0 = Release|Any CPU
		{84D98C9C-03C8-4133-A47C-32577D463AB4}.Debug|Any CPU.ActiveCfg = Debug|Any CPU
		{84D98C9C-03C8-4133-A47C-32577D463AB4}.Debug|Any CPU.Build.0 = Debug|Any CPU
		{84D98C9C-03C8-4133-A47C-32577D463AB4}.Release|Any CPU.ActiveCfg = Release|Any CPU
		{84D98C9C-03C8-4133-A47C-32577D463AB4}.Release|Any CPU.Build.0 = Release|Any CPU
		{6E2DB07A-E220-4E96-AC4B-4FDFBD275A21}.Debug|Any CPU.ActiveCfg = Debug|Any CPU
		{6E2DB07A-E220-4E96-AC4B-4FDFBD275A21}.Debug|Any CPU.Build.0 = Debug|Any CPU
		{6E2DB07A-E220-4E96-AC4B-4FDFBD275A21}.Release|Any CPU.ActiveCfg = Release|Any CPU
		{6E2DB07A-E220-4E96-AC4B-4FDFBD275A21}.Release|Any CPU.Build.0 = Release|Any CPU
		{D2EF2E16-1001-497F-8420-9EAC02AA967F}.Debug|Any CPU.ActiveCfg = Debug|Any CPU
		{D2EF2E16-1001-497F-8420-9EAC02AA967F}.Debug|Any CPU.Build.0 = Debug|Any CPU
		{D2EF2E16-1001-497F-8420-9EAC02AA967F}.Release|Any CPU.ActiveCfg = Release|Any CPU
		{D2EF2E16-1001-497F-8420-9EAC02AA967F}.Release|Any CPU.Build.0 = Release|Any CPU
		{55119D31-8DAD-4C1E-B74B-A61A291D2E70}.Debug|Any CPU.ActiveCfg = Debug|Any CPU
		{55119D31-8DAD-4C1E-B74B-A61A291D2E70}.Debug|Any CPU.Build.0 = Debug|Any CPU
		{55119D31-8DAD-4C1E-B74B-A61A291D2E70}.Release|Any CPU.ActiveCfg = Release|Any CPU
		{55119D31-8DAD-4C1E-B74B-A61A291D2E70}.Release|Any CPU.Build.0 = Release|Any CPU
		{E3DFE2CA-6523-4A70-A145-22B43CF2DE8D}.Debug|Any CPU.ActiveCfg = Debug|Any CPU
		{E3DFE2CA-6523-4A70-A145-22B43CF2DE8D}.Debug|Any CPU.Build.0 = Debug|Any CPU
		{E3DFE2CA-6523-4A70-A145-22B43CF2DE8D}.Release|Any CPU.ActiveCfg = Release|Any CPU
		{E3DFE2CA-6523-4A70-A145-22B43CF2DE8D}.Release|Any CPU.Build.0 = Release|Any CPU
		{8F480CB0-5EE3-4AD7-A209-21EAB461EBB3}.Debug|Any CPU.ActiveCfg = Debug|Any CPU
		{8F480CB0-5EE3-4AD7-A209-21EAB461EBB3}.Debug|Any CPU.Build.0 = Debug|Any CPU
		{8F480CB0-5EE3-4AD7-A209-21EAB461EBB3}.Release|Any CPU.ActiveCfg = Release|Any CPU
		{8F480CB0-5EE3-4AD7-A209-21EAB461EBB3}.Release|Any CPU.Build.0 = Release|Any CPU
		{147284AB-A3D5-4322-92B0-E6ECC8CC7059}.Debug|Any CPU.ActiveCfg = Debug|Any CPU
		{147284AB-A3D5-4322-92B0-E6ECC8CC7059}.Debug|Any CPU.Build.0 = Debug|Any CPU
		{147284AB-A3D5-4322-92B0-E6ECC8CC7059}.Release|Any CPU.ActiveCfg = Release|Any CPU
		{147284AB-A3D5-4322-92B0-E6ECC8CC7059}.Release|Any CPU.Build.0 = Release|Any CPU
		{359B3172-892D-4B29-9EAC-AEBF858CF5FE}.Debug|Any CPU.ActiveCfg = Debug|Any CPU
		{359B3172-892D-4B29-9EAC-AEBF858CF5FE}.Debug|Any CPU.Build.0 = Debug|Any CPU
		{359B3172-892D-4B29-9EAC-AEBF858CF5FE}.Release|Any CPU.ActiveCfg = Release|Any CPU
		{359B3172-892D-4B29-9EAC-AEBF858CF5FE}.Release|Any CPU.Build.0 = Release|Any CPU
		{5BFF4049-2EE2-4CD6-A74A-5FC3011F0CDB}.Debug|Any CPU.ActiveCfg = Debug|Any CPU
		{5BFF4049-2EE2-4CD6-A74A-5FC3011F0CDB}.Debug|Any CPU.Build.0 = Debug|Any CPU
		{5BFF4049-2EE2-4CD6-A74A-5FC3011F0CDB}.Release|Any CPU.ActiveCfg = Release|Any CPU
		{5BFF4049-2EE2-4CD6-A74A-5FC3011F0CDB}.Release|Any CPU.Build.0 = Release|Any CPU
		{4147638A-47BE-4F94-B530-6E8BB8E0CA13}.Debug|Any CPU.ActiveCfg = Debug|Any CPU
		{4147638A-47BE-4F94-B530-6E8BB8E0CA13}.Debug|Any CPU.Build.0 = Debug|Any CPU
		{4147638A-47BE-4F94-B530-6E8BB8E0CA13}.Release|Any CPU.ActiveCfg = Release|Any CPU
		{4147638A-47BE-4F94-B530-6E8BB8E0CA13}.Release|Any CPU.Build.0 = Release|Any CPU
		{E7E145ED-1938-4C09-B432-DC7D7A2D5DDB}.Debug|Any CPU.ActiveCfg = Debug|Any CPU
		{E7E145ED-1938-4C09-B432-DC7D7A2D5DDB}.Debug|Any CPU.Build.0 = Debug|Any CPU
		{E7E145ED-1938-4C09-B432-DC7D7A2D5DDB}.Release|Any CPU.ActiveCfg = Release|Any CPU
		{E7E145ED-1938-4C09-B432-DC7D7A2D5DDB}.Release|Any CPU.Build.0 = Release|Any CPU
		{0962A106-B1B2-4E21-9931-81D68A98ED37}.Debug|Any CPU.ActiveCfg = Debug|Any CPU
		{0962A106-B1B2-4E21-9931-81D68A98ED37}.Debug|Any CPU.Build.0 = Debug|Any CPU
		{0962A106-B1B2-4E21-9931-81D68A98ED37}.Release|Any CPU.ActiveCfg = Release|Any CPU
		{0962A106-B1B2-4E21-9931-81D68A98ED37}.Release|Any CPU.Build.0 = Release|Any CPU
		{6322FD00-9AAA-40D9-8C6F-515CC4290B45}.Debug|Any CPU.ActiveCfg = Debug|Any CPU
		{6322FD00-9AAA-40D9-8C6F-515CC4290B45}.Debug|Any CPU.Build.0 = Debug|Any CPU
		{6322FD00-9AAA-40D9-8C6F-515CC4290B45}.Release|Any CPU.ActiveCfg = Release|Any CPU
		{6322FD00-9AAA-40D9-8C6F-515CC4290B45}.Release|Any CPU.Build.0 = Release|Any CPU
		{A0CE70F0-6F13-47F5-9B61-69F6BE1AB082}.Debug|Any CPU.ActiveCfg = Debug|Any CPU
		{A0CE70F0-6F13-47F5-9B61-69F6BE1AB082}.Debug|Any CPU.Build.0 = Debug|Any CPU
		{A0CE70F0-6F13-47F5-9B61-69F6BE1AB082}.Release|Any CPU.ActiveCfg = Release|Any CPU
		{A0CE70F0-6F13-47F5-9B61-69F6BE1AB082}.Release|Any CPU.Build.0 = Release|Any CPU
	EndGlobalSection
	GlobalSection(SolutionProperties) = preSolution
		HideSolutionNode = FALSE
	EndGlobalSection
	GlobalSection(NestedProjects) = preSolution
		{F23B8AD5-5C3B-4C9A-BC11-3577F1CB3272} = {04DBFBA7-205C-4185-80B6-B9965D5F4902}
		{B9E61CDC-72BD-4158-B77E-6850455A07CD} = {235875A5-4603-44E2-97B9-E34AE5A07F28}
		{235875A5-4603-44E2-97B9-E34AE5A07F28} = {665FD57A-4B5D-4365-B01F-521DC7C657FD}
		{04DBFBA7-205C-4185-80B6-B9965D5F4902} = {665FD57A-4B5D-4365-B01F-521DC7C657FD}
		{3E7AD210-0236-4D6B-BC46-DF66BBFCA6E4} = {665FD57A-4B5D-4365-B01F-521DC7C657FD}
		{F2D42263-C177-425C-B69C-6D53B1F4AAA0} = {3E7AD210-0236-4D6B-BC46-DF66BBFCA6E4}
		{DD77F37C-44C6-4CF1-9A6C-E736B82C06AD} = {3E7AD210-0236-4D6B-BC46-DF66BBFCA6E4}
		{74620697-8038-40D4-B394-9988D23B37EE} = {3E7AD210-0236-4D6B-BC46-DF66BBFCA6E4}
		{6E2DB07A-E220-4E96-AC4B-4FDFBD275A21} = {235875A5-4603-44E2-97B9-E34AE5A07F28}
		{D2EF2E16-1001-497F-8420-9EAC02AA967F} = {235875A5-4603-44E2-97B9-E34AE5A07F28}
		{55119D31-8DAD-4C1E-B74B-A61A291D2E70} = {235875A5-4603-44E2-97B9-E34AE5A07F28}
		{E3DFE2CA-6523-4A70-A145-22B43CF2DE8D} = {3E7AD210-0236-4D6B-BC46-DF66BBFCA6E4}
		{8F480CB0-5EE3-4AD7-A209-21EAB461EBB3} = {04DBFBA7-205C-4185-80B6-B9965D5F4902}
		{147284AB-A3D5-4322-92B0-E6ECC8CC7059} = {04DBFBA7-205C-4185-80B6-B9965D5F4902}
		{E7E145ED-1938-4C09-B432-DC7D7A2D5DDB} = {BC598554-B6B8-46B9-B1CA-28DDC16C7835}
		{0962A106-B1B2-4E21-9931-81D68A98ED37} = {BC598554-B6B8-46B9-B1CA-28DDC16C7835}
		{6322FD00-9AAA-40D9-8C6F-515CC4290B45} = {BC598554-B6B8-46B9-B1CA-28DDC16C7835}
		{A0CE70F0-6F13-47F5-9B61-69F6BE1AB082} = {BC598554-B6B8-46B9-B1CA-28DDC16C7835}
	EndGlobalSection
EndGlobal
