
Microsoft Visual Studio Solution File, Format Version 12.00
# Visual Studio 14
VisualStudioVersion = 14.0.25123.0
MinimumVisualStudioVersion = 10.0.40219.1
Project("{FAE04EC0-301F-11D3-BF4B-00C04F79EFBC}") = "Essentials", "Common\Essentials\Essentials.csproj", "{E7E145ED-1938-4C09-B432-DC7D7A2D5DDB}"
EndProject
Project("{FAE04EC0-301F-11D3-BF4B-00C04F79EFBC}") = "Essentials.Tests", "Common\Essentials.Tests\Essentials.Tests.csproj", "{65549F72-59C5-416A-8B71-5757BAE8B35D}"
EndProject
Project("{FAE04EC0-301F-11D3-BF4B-00C04F79EFBC}") = "Networking", "Common\Networking\Networking.csproj", "{CF5FDC21-2FF8-42FB-875F-D9A0701BAE9F}"
EndProject
Project("{FAE04EC0-301F-11D3-BF4B-00C04F79EFBC}") = "Persistence", "Common\Persistence\Persistence.csproj", "{FB65CB05-DB0C-4CD6-9A89-CF8E973E1D47}"
EndProject
Project("{FAE04EC0-301F-11D3-BF4B-00C04F79EFBC}") = "PersistentObjects", "Common\PersistentObjects\PersistentObjects.csproj", "{D97B40B0-DEBE-49EA-A630-7AA4E1E46C82}"
EndProject
Project("{FAE04EC0-301F-11D3-BF4B-00C04F79EFBC}") = "PersistentObjects.Tests", "Common\PersistentObjects.Tests\PersistentObjects.Tests.csproj", "{8AA81A2A-3F7E-4193-BD61-3BA7D7C785D9}"
EndProject
Project("{FAE04EC0-301F-11D3-BF4B-00C04F79EFBC}") = "Testing", "Common\Testing\Testing.csproj", "{A0CE70F0-6F13-47F5-9B61-69F6BE1AB082}"
EndProject
Project("{FAE04EC0-301F-11D3-BF4B-00C04F79EFBC}") = "Testing.Tests", "Common\Testing.Tests\Testing.Tests.csproj", "{C228EE51-9C2D-4FDC-A5BC-4DE6E8E6C399}"
EndProject
Project("{FAE04EC0-301F-11D3-BF4B-00C04F79EFBC}") = "WurmAssistant.Shared", "Common\WurmAssistant.Shared\WurmAssistant.Shared.csproj", "{2375AA6C-6B2C-4C4E-8CF0-8B3C1D406AEA}"
EndProject
Project("{FAE04EC0-301F-11D3-BF4B-00C04F79EFBC}") = "WurmAssistantDataTransfer", "Common\WurmAssistantDataTransfer\WurmAssistantDataTransfer.csproj", "{C2591795-C58C-4B9A-A1DD-38669C0B0B3D}"
EndProject
Project("{FAE04EC0-301F-11D3-BF4B-00C04F79EFBC}") = "WurmAssistantDataTransfer.Dtos", "Common\WurmAssistantDataTransfer.Dtos\WurmAssistantDataTransfer.Dtos.csproj", "{C8867A15-9144-48FD-8816-0283FDB38C6B}"
EndProject
Project("{2150E333-8FDC-42A3-9474-1A3956D46DE8}") = "Common", "Common", "{0BDB17A9-D5A8-45BE-B374-6285064D85B7}"
EndProject
Project("{2150E333-8FDC-42A3-9474-1A3956D46DE8}") = "WurmAssistant", "WurmAssistant", "{1180F396-1735-42CE-8D6C-B992A921FA5E}"
EndProject
Project("{2150E333-8FDC-42A3-9474-1A3956D46DE8}") = "Launchers", "Launchers", "{5FD34BB1-2475-47DC-BAF9-530DC7E952B0}"
EndProject
Project("{2150E333-8FDC-42A3-9474-1A3956D46DE8}") = "PublishAgents", "PublishAgents", "{F864A4CD-51E1-401C-BFD1-3C39F2FE180B}"
EndProject
Project("{2150E333-8FDC-42A3-9474-1A3956D46DE8}") = "Services", "Services", "{36DC376F-1E51-4991-8BF1-BFF052B4CA13}"
EndProject
Project("{2150E333-8FDC-42A3-9474-1A3956D46DE8}") = "WurmApi", "WurmApi", "{E4ED3C11-31E7-4F57-89FC-F0D993DA059D}"
EndProject
Project("{FAE04EC0-301F-11D3-BF4B-00C04F79EFBC}") = "WurmAssistant3", "Apps\WurmAssistant\WurmAssistant3\WurmAssistant3.csproj", "{29F8B209-AF74-4338-8294-96EC8D9DC9AA}"
EndProject
Project("{FAE04EC0-301F-11D3-BF4B-00C04F79EFBC}") = "WurmAssistant3.Tests", "Apps\WurmAssistant\WurmAssistant3.Tests\WurmAssistant3.Tests.csproj", "{84D98C9C-03C8-4133-A47C-32577D463AB4}"
EndProject
Project("{FAE04EC0-301F-11D3-BF4B-00C04F79EFBC}") = "WurmAssistant.Launcher", "Launchers\LauncherV2\WurmAssistant.Launcher\WurmAssistant.Launcher.csproj", "{1E636D2D-609A-46BA-9B01-765D48DC40C3}"
EndProject
Project("{FAE04EC0-301F-11D3-BF4B-00C04F79EFBC}") = "WurmAssistant.PublishRobot", "PublishAgents\AgentV2\WurmAssistant.PublishRobot\WurmAssistant.PublishRobot.csproj", "{858BA67D-B721-4518-8C80-F091813A9A78}"
EndProject
Project("{FAE04EC0-301F-11D3-BF4B-00C04F79EFBC}") = "WurmAssistant.PublishRobot.WebServiceTester", "PublishAgents\AgentV2\WurmAssistant.PublishRobot.WebServiceTester\WurmAssistant.PublishRobot.WebServiceTester.csproj", "{BD05FE0E-BD34-4D05-BBB0-DFA9552B5D0E}"
EndProject
Project("{FAE04EC0-301F-11D3-BF4B-00C04F79EFBC}") = "WurmAssistantWebService", "Services\WebServiceV2\WurmAssistantWebService\WurmAssistantWebService.csproj", "{E15831FF-8239-4BD5-AF97-8A68F104CA95}"
EndProject
Project("{2150E333-8FDC-42A3-9474-1A3956D46DE8}") = "LauncherV2", "LauncherV2", "{B8621852-A5D7-4AA9-9241-1C4864380729}"
EndProject
Project("{2150E333-8FDC-42A3-9474-1A3956D46DE8}") = "AgentV2", "AgentV2", "{6779E8F6-0418-445D-A8D0-D4E0A8F74321}"
EndProject
Project("{FAE04EC0-301F-11D3-BF4B-00C04F79EFBC}") = "WurmApi", "WurmApi\WurmApi\WurmApi.csproj", "{F23B8AD5-5C3B-4C9A-BC11-3577F1CB3272}"
EndProject
Project("{FAE04EC0-301F-11D3-BF4B-00C04F79EFBC}") = "WurmApi.Tests.Integration", "WurmApi\WurmApi.Tests.Integration\WurmApi.Tests.Integration.csproj", "{D5FCD526-1C19-410F-8CE4-2B4C4C5B12CA}"
EndProject
Project("{FAE04EC0-301F-11D3-BF4B-00C04F79EFBC}") = "WurmApi.Tests.Manual", "WurmApi\WurmApi.Tests.Manual\WurmApi.Tests.Manual.csproj", "{7CFC6E8E-0067-4B72-B75B-118C9C656189}"
EndProject
Project("{FAE04EC0-301F-11D3-BF4B-00C04F79EFBC}") = "WurmApi.Tests.Unit", "WurmApi\WurmApi.Tests.Unit\WurmApi.Tests.Unit.csproj", "{B1389F52-901D-404F-9AFF-557AF6FC880F}"
EndProject
Project("{2150E333-8FDC-42A3-9474-1A3956D46DE8}") = "Apps", "Apps", "{EF83B474-35D2-4C87-9054-9ABCE360116C}"
EndProject
Project("{FAE04EC0-301F-11D3-BF4B-00C04F79EFBC}") = "Persistence.Simple", "Common\Persistence.Simple\Persistence.Simple.csproj", "{E1C00979-8878-4E3F-9FFF-668E0A4C660B}"
EndProject
Project("{FAE04EC0-301F-11D3-BF4B-00C04F79EFBC}") = "Persistence.Simple.Tests.Unit", "Common\Persistence.Simple.Tests.Unit\Persistence.Simple.Tests.Unit.csproj", "{90E0BC76-4BAD-4540-9862-1EBE5D4DDBD4}"
EndProject
Project("{FAE04EC0-301F-11D3-BF4B-00C04F79EFBC}") = "WurmAssistant3.Contracts", "Apps\WurmAssistant\WurmAssistant3.Contracts\WurmAssistant3.Contracts.csproj", "{0C56745C-C82B-409A-8A39-5164D8C21E4C}"
EndProject
Project("{FAE04EC0-301F-11D3-BF4B-00C04F79EFBC}") = "WurmAssistant3.Areas.TemplateBase", "Apps\WurmAssistant\WurmAssistant3.Areas.TemplateBase\WurmAssistant3.Areas.TemplateBase.csproj", "{41DCAFC0-9749-498B-93BE-1EFE4573BF7F}"
EndProject
Project("{FAE04EC0-301F-11D3-BF4B-00C04F79EFBC}") = "WurmAssistant3.Areas.TemplateBase.Contracts", "Apps\WurmAssistant\WurmAssistant3.Areas.TemplateBase.Contracts\WurmAssistant3.Areas.TemplateBase.Contracts.csproj", "{05FF5965-D9B2-45B5-B78C-2AE4333F4FAD}"
EndProject
Project("{2150E333-8FDC-42A3-9474-1A3956D46DE8}") = "AreaTemplates", "AreaTemplates", "{5E23AE61-984E-4C9F-8E1A-FC70473F90EE}"
EndProject
Project("{FAE04EC0-301F-11D3-BF4B-00C04F79EFBC}") = "AreaTemplateVsixProject", "Apps\WurmAssistant\AreaTemplateVsixProject\AreaTemplateVsixProject.csproj", "{B2748B7E-50C2-42FA-81F8-C9B66CA568BC}"
EndProject
Project("{FAE04EC0-301F-11D3-BF4B-00C04F79EFBC}") = "WurmAssistant3.Areas.TestArea1", "Apps\WurmAssistant\WurmAssistant3.Areas.TestArea1\WurmAssistant3.Areas.TestArea1.csproj", "{F65E9381-4029-4F5B-A85D-FC5EA906711A}"
EndProject
Project("{FAE04EC0-301F-11D3-BF4B-00C04F79EFBC}") = "WurmAssistant3.Areas.TestArea1.Contracts", "Apps\WurmAssistant\WurmAssistant3.Areas.TestArea1.Contracts\WurmAssistant3.Areas.TestArea1.Contracts.csproj", "{95267D89-596A-4EF8-9795-5526E3FE9A2A}"
EndProject
Project("{2150E333-8FDC-42A3-9474-1A3956D46DE8}") = "AreaTesting", "AreaTesting", "{1D8A3B86-0F54-4690-A30A-D47B26F8B056}"
EndProject
Project("{2150E333-8FDC-42A3-9474-1A3956D46DE8}") = "Plugins", "Plugins", "{A35B9DE5-C3E7-4799-BF17-4AED3B723414}"
EndProject
Project("{FAE04EC0-301F-11D3-BF4B-00C04F79EFBC}") = "WurmAssistant3.Areas.SamplePlugin", "Apps\WurmAssistant\WurmAssistant3.Areas.SamplePlugin\WurmAssistant3.Areas.SamplePlugin.csproj", "{FD226A7D-0EAE-4D7F-9DE2-EB92628640C2}"
EndProject
Project("{FAE04EC0-301F-11D3-BF4B-00C04F79EFBC}") = "WurmAssistant3.Areas.SamplePlugin.Contracts", "Apps\WurmAssistant\WurmAssistant3.Areas.SamplePlugin.Contracts\WurmAssistant3.Areas.SamplePlugin.Contracts.csproj", "{3E82D98F-EBDA-4CDA-8F6A-D77D92433CEC}"
EndProject
Project("{FAE04EC0-301F-11D3-BF4B-00C04F79EFBC}") = "WurmAssistant3.Utils", "Apps\WurmAssistant\WurmAssistant3.Utils\WurmAssistant3.Utils.csproj", "{668F6D11-97F0-4745-B537-8B3B8BC46EA5}"
EndProject
Global
	GlobalSection(SolutionConfigurationPlatforms) = preSolution
		Debug|Any CPU = Debug|Any CPU
		Release|Any CPU = Release|Any CPU
		Stable|Any CPU = Stable|Any CPU
	EndGlobalSection
	GlobalSection(ProjectConfigurationPlatforms) = postSolution
		{E7E145ED-1938-4C09-B432-DC7D7A2D5DDB}.Debug|Any CPU.ActiveCfg = Debug|Any CPU
		{E7E145ED-1938-4C09-B432-DC7D7A2D5DDB}.Debug|Any CPU.Build.0 = Debug|Any CPU
		{E7E145ED-1938-4C09-B432-DC7D7A2D5DDB}.Release|Any CPU.ActiveCfg = Release|Any CPU
		{E7E145ED-1938-4C09-B432-DC7D7A2D5DDB}.Release|Any CPU.Build.0 = Release|Any CPU
		{E7E145ED-1938-4C09-B432-DC7D7A2D5DDB}.Stable|Any CPU.ActiveCfg = Release|Any CPU
		{E7E145ED-1938-4C09-B432-DC7D7A2D5DDB}.Stable|Any CPU.Build.0 = Release|Any CPU
		{65549F72-59C5-416A-8B71-5757BAE8B35D}.Debug|Any CPU.ActiveCfg = Debug|Any CPU
		{65549F72-59C5-416A-8B71-5757BAE8B35D}.Debug|Any CPU.Build.0 = Debug|Any CPU
		{65549F72-59C5-416A-8B71-5757BAE8B35D}.Release|Any CPU.ActiveCfg = Release|Any CPU
		{65549F72-59C5-416A-8B71-5757BAE8B35D}.Release|Any CPU.Build.0 = Release|Any CPU
		{65549F72-59C5-416A-8B71-5757BAE8B35D}.Stable|Any CPU.ActiveCfg = Release|Any CPU
		{65549F72-59C5-416A-8B71-5757BAE8B35D}.Stable|Any CPU.Build.0 = Release|Any CPU
		{CF5FDC21-2FF8-42FB-875F-D9A0701BAE9F}.Debug|Any CPU.ActiveCfg = Debug|Any CPU
		{CF5FDC21-2FF8-42FB-875F-D9A0701BAE9F}.Debug|Any CPU.Build.0 = Debug|Any CPU
		{CF5FDC21-2FF8-42FB-875F-D9A0701BAE9F}.Release|Any CPU.ActiveCfg = Release|Any CPU
		{CF5FDC21-2FF8-42FB-875F-D9A0701BAE9F}.Release|Any CPU.Build.0 = Release|Any CPU
		{CF5FDC21-2FF8-42FB-875F-D9A0701BAE9F}.Stable|Any CPU.ActiveCfg = Release|Any CPU
		{CF5FDC21-2FF8-42FB-875F-D9A0701BAE9F}.Stable|Any CPU.Build.0 = Release|Any CPU
		{FB65CB05-DB0C-4CD6-9A89-CF8E973E1D47}.Debug|Any CPU.ActiveCfg = Debug|Any CPU
		{FB65CB05-DB0C-4CD6-9A89-CF8E973E1D47}.Debug|Any CPU.Build.0 = Debug|Any CPU
		{FB65CB05-DB0C-4CD6-9A89-CF8E973E1D47}.Release|Any CPU.ActiveCfg = Release|Any CPU
		{FB65CB05-DB0C-4CD6-9A89-CF8E973E1D47}.Release|Any CPU.Build.0 = Release|Any CPU
		{FB65CB05-DB0C-4CD6-9A89-CF8E973E1D47}.Stable|Any CPU.ActiveCfg = Release|Any CPU
		{FB65CB05-DB0C-4CD6-9A89-CF8E973E1D47}.Stable|Any CPU.Build.0 = Release|Any CPU
		{D97B40B0-DEBE-49EA-A630-7AA4E1E46C82}.Debug|Any CPU.ActiveCfg = Debug|Any CPU
		{D97B40B0-DEBE-49EA-A630-7AA4E1E46C82}.Debug|Any CPU.Build.0 = Debug|Any CPU
		{D97B40B0-DEBE-49EA-A630-7AA4E1E46C82}.Release|Any CPU.ActiveCfg = Release|Any CPU
		{D97B40B0-DEBE-49EA-A630-7AA4E1E46C82}.Release|Any CPU.Build.0 = Release|Any CPU
		{D97B40B0-DEBE-49EA-A630-7AA4E1E46C82}.Stable|Any CPU.ActiveCfg = Release|Any CPU
		{D97B40B0-DEBE-49EA-A630-7AA4E1E46C82}.Stable|Any CPU.Build.0 = Release|Any CPU
		{8AA81A2A-3F7E-4193-BD61-3BA7D7C785D9}.Debug|Any CPU.ActiveCfg = Debug|Any CPU
		{8AA81A2A-3F7E-4193-BD61-3BA7D7C785D9}.Debug|Any CPU.Build.0 = Debug|Any CPU
		{8AA81A2A-3F7E-4193-BD61-3BA7D7C785D9}.Release|Any CPU.ActiveCfg = Release|Any CPU
		{8AA81A2A-3F7E-4193-BD61-3BA7D7C785D9}.Release|Any CPU.Build.0 = Release|Any CPU
		{8AA81A2A-3F7E-4193-BD61-3BA7D7C785D9}.Stable|Any CPU.ActiveCfg = Release|Any CPU
		{8AA81A2A-3F7E-4193-BD61-3BA7D7C785D9}.Stable|Any CPU.Build.0 = Release|Any CPU
		{A0CE70F0-6F13-47F5-9B61-69F6BE1AB082}.Debug|Any CPU.ActiveCfg = Debug|Any CPU
		{A0CE70F0-6F13-47F5-9B61-69F6BE1AB082}.Debug|Any CPU.Build.0 = Debug|Any CPU
		{A0CE70F0-6F13-47F5-9B61-69F6BE1AB082}.Release|Any CPU.ActiveCfg = Release|Any CPU
		{A0CE70F0-6F13-47F5-9B61-69F6BE1AB082}.Release|Any CPU.Build.0 = Release|Any CPU
		{A0CE70F0-6F13-47F5-9B61-69F6BE1AB082}.Stable|Any CPU.ActiveCfg = Release|Any CPU
		{A0CE70F0-6F13-47F5-9B61-69F6BE1AB082}.Stable|Any CPU.Build.0 = Release|Any CPU
		{C228EE51-9C2D-4FDC-A5BC-4DE6E8E6C399}.Debug|Any CPU.ActiveCfg = Debug|Any CPU
		{C228EE51-9C2D-4FDC-A5BC-4DE6E8E6C399}.Debug|Any CPU.Build.0 = Debug|Any CPU
		{C228EE51-9C2D-4FDC-A5BC-4DE6E8E6C399}.Release|Any CPU.ActiveCfg = Release|Any CPU
		{C228EE51-9C2D-4FDC-A5BC-4DE6E8E6C399}.Release|Any CPU.Build.0 = Release|Any CPU
		{C228EE51-9C2D-4FDC-A5BC-4DE6E8E6C399}.Stable|Any CPU.ActiveCfg = Release|Any CPU
		{C228EE51-9C2D-4FDC-A5BC-4DE6E8E6C399}.Stable|Any CPU.Build.0 = Release|Any CPU
		{2375AA6C-6B2C-4C4E-8CF0-8B3C1D406AEA}.Debug|Any CPU.ActiveCfg = Debug|Any CPU
		{2375AA6C-6B2C-4C4E-8CF0-8B3C1D406AEA}.Debug|Any CPU.Build.0 = Debug|Any CPU
		{2375AA6C-6B2C-4C4E-8CF0-8B3C1D406AEA}.Release|Any CPU.ActiveCfg = Release|Any CPU
		{2375AA6C-6B2C-4C4E-8CF0-8B3C1D406AEA}.Release|Any CPU.Build.0 = Release|Any CPU
		{2375AA6C-6B2C-4C4E-8CF0-8B3C1D406AEA}.Stable|Any CPU.ActiveCfg = Release|Any CPU
		{2375AA6C-6B2C-4C4E-8CF0-8B3C1D406AEA}.Stable|Any CPU.Build.0 = Release|Any CPU
		{C2591795-C58C-4B9A-A1DD-38669C0B0B3D}.Debug|Any CPU.ActiveCfg = Debug|Any CPU
		{C2591795-C58C-4B9A-A1DD-38669C0B0B3D}.Debug|Any CPU.Build.0 = Debug|Any CPU
		{C2591795-C58C-4B9A-A1DD-38669C0B0B3D}.Release|Any CPU.ActiveCfg = Release|Any CPU
		{C2591795-C58C-4B9A-A1DD-38669C0B0B3D}.Release|Any CPU.Build.0 = Release|Any CPU
		{C2591795-C58C-4B9A-A1DD-38669C0B0B3D}.Stable|Any CPU.ActiveCfg = Release|Any CPU
		{C2591795-C58C-4B9A-A1DD-38669C0B0B3D}.Stable|Any CPU.Build.0 = Release|Any CPU
		{C8867A15-9144-48FD-8816-0283FDB38C6B}.Debug|Any CPU.ActiveCfg = Debug|Any CPU
		{C8867A15-9144-48FD-8816-0283FDB38C6B}.Debug|Any CPU.Build.0 = Debug|Any CPU
		{C8867A15-9144-48FD-8816-0283FDB38C6B}.Release|Any CPU.ActiveCfg = Release|Any CPU
		{C8867A15-9144-48FD-8816-0283FDB38C6B}.Release|Any CPU.Build.0 = Release|Any CPU
		{C8867A15-9144-48FD-8816-0283FDB38C6B}.Stable|Any CPU.ActiveCfg = Release|Any CPU
		{C8867A15-9144-48FD-8816-0283FDB38C6B}.Stable|Any CPU.Build.0 = Release|Any CPU
		{29F8B209-AF74-4338-8294-96EC8D9DC9AA}.Debug|Any CPU.ActiveCfg = Debug|Any CPU
		{29F8B209-AF74-4338-8294-96EC8D9DC9AA}.Debug|Any CPU.Build.0 = Debug|Any CPU
		{29F8B209-AF74-4338-8294-96EC8D9DC9AA}.Release|Any CPU.ActiveCfg = Release|Any CPU
		{29F8B209-AF74-4338-8294-96EC8D9DC9AA}.Release|Any CPU.Build.0 = Release|Any CPU
		{29F8B209-AF74-4338-8294-96EC8D9DC9AA}.Stable|Any CPU.ActiveCfg = Release|Any CPU
		{29F8B209-AF74-4338-8294-96EC8D9DC9AA}.Stable|Any CPU.Build.0 = Release|Any CPU
		{84D98C9C-03C8-4133-A47C-32577D463AB4}.Debug|Any CPU.ActiveCfg = Debug|Any CPU
		{84D98C9C-03C8-4133-A47C-32577D463AB4}.Debug|Any CPU.Build.0 = Debug|Any CPU
		{84D98C9C-03C8-4133-A47C-32577D463AB4}.Release|Any CPU.ActiveCfg = Release|Any CPU
		{84D98C9C-03C8-4133-A47C-32577D463AB4}.Release|Any CPU.Build.0 = Release|Any CPU
		{84D98C9C-03C8-4133-A47C-32577D463AB4}.Stable|Any CPU.ActiveCfg = Release|Any CPU
		{84D98C9C-03C8-4133-A47C-32577D463AB4}.Stable|Any CPU.Build.0 = Release|Any CPU
		{1E636D2D-609A-46BA-9B01-765D48DC40C3}.Debug|Any CPU.ActiveCfg = Debug|Any CPU
		{1E636D2D-609A-46BA-9B01-765D48DC40C3}.Debug|Any CPU.Build.0 = Debug|Any CPU
		{1E636D2D-609A-46BA-9B01-765D48DC40C3}.Release|Any CPU.ActiveCfg = Release|Any CPU
		{1E636D2D-609A-46BA-9B01-765D48DC40C3}.Release|Any CPU.Build.0 = Release|Any CPU
		{1E636D2D-609A-46BA-9B01-765D48DC40C3}.Stable|Any CPU.ActiveCfg = Release|Any CPU
		{1E636D2D-609A-46BA-9B01-765D48DC40C3}.Stable|Any CPU.Build.0 = Release|Any CPU
		{858BA67D-B721-4518-8C80-F091813A9A78}.Debug|Any CPU.ActiveCfg = Debug|Any CPU
		{858BA67D-B721-4518-8C80-F091813A9A78}.Debug|Any CPU.Build.0 = Debug|Any CPU
		{858BA67D-B721-4518-8C80-F091813A9A78}.Release|Any CPU.ActiveCfg = Release|Any CPU
		{858BA67D-B721-4518-8C80-F091813A9A78}.Release|Any CPU.Build.0 = Release|Any CPU
		{858BA67D-B721-4518-8C80-F091813A9A78}.Stable|Any CPU.ActiveCfg = Release|Any CPU
		{858BA67D-B721-4518-8C80-F091813A9A78}.Stable|Any CPU.Build.0 = Release|Any CPU
		{BD05FE0E-BD34-4D05-BBB0-DFA9552B5D0E}.Debug|Any CPU.ActiveCfg = Debug|Any CPU
		{BD05FE0E-BD34-4D05-BBB0-DFA9552B5D0E}.Debug|Any CPU.Build.0 = Debug|Any CPU
		{BD05FE0E-BD34-4D05-BBB0-DFA9552B5D0E}.Release|Any CPU.ActiveCfg = Release|Any CPU
		{BD05FE0E-BD34-4D05-BBB0-DFA9552B5D0E}.Release|Any CPU.Build.0 = Release|Any CPU
		{BD05FE0E-BD34-4D05-BBB0-DFA9552B5D0E}.Stable|Any CPU.ActiveCfg = Release|Any CPU
		{BD05FE0E-BD34-4D05-BBB0-DFA9552B5D0E}.Stable|Any CPU.Build.0 = Release|Any CPU
		{E15831FF-8239-4BD5-AF97-8A68F104CA95}.Debug|Any CPU.ActiveCfg = Debug|Any CPU
		{E15831FF-8239-4BD5-AF97-8A68F104CA95}.Debug|Any CPU.Build.0 = Debug|Any CPU
		{E15831FF-8239-4BD5-AF97-8A68F104CA95}.Release|Any CPU.ActiveCfg = Release|Any CPU
		{E15831FF-8239-4BD5-AF97-8A68F104CA95}.Release|Any CPU.Build.0 = Release|Any CPU
		{E15831FF-8239-4BD5-AF97-8A68F104CA95}.Stable|Any CPU.ActiveCfg = Stable|Any CPU
		{E15831FF-8239-4BD5-AF97-8A68F104CA95}.Stable|Any CPU.Build.0 = Stable|Any CPU
		{F23B8AD5-5C3B-4C9A-BC11-3577F1CB3272}.Debug|Any CPU.ActiveCfg = Debug|Any CPU
		{F23B8AD5-5C3B-4C9A-BC11-3577F1CB3272}.Debug|Any CPU.Build.0 = Debug|Any CPU
		{F23B8AD5-5C3B-4C9A-BC11-3577F1CB3272}.Release|Any CPU.ActiveCfg = Release|Any CPU
		{F23B8AD5-5C3B-4C9A-BC11-3577F1CB3272}.Release|Any CPU.Build.0 = Release|Any CPU
		{F23B8AD5-5C3B-4C9A-BC11-3577F1CB3272}.Stable|Any CPU.ActiveCfg = Release|Any CPU
		{F23B8AD5-5C3B-4C9A-BC11-3577F1CB3272}.Stable|Any CPU.Build.0 = Release|Any CPU
		{D5FCD526-1C19-410F-8CE4-2B4C4C5B12CA}.Debug|Any CPU.ActiveCfg = Debug|Any CPU
		{D5FCD526-1C19-410F-8CE4-2B4C4C5B12CA}.Debug|Any CPU.Build.0 = Debug|Any CPU
		{D5FCD526-1C19-410F-8CE4-2B4C4C5B12CA}.Release|Any CPU.ActiveCfg = Release|Any CPU
		{D5FCD526-1C19-410F-8CE4-2B4C4C5B12CA}.Release|Any CPU.Build.0 = Release|Any CPU
		{D5FCD526-1C19-410F-8CE4-2B4C4C5B12CA}.Stable|Any CPU.ActiveCfg = Release|Any CPU
		{D5FCD526-1C19-410F-8CE4-2B4C4C5B12CA}.Stable|Any CPU.Build.0 = Release|Any CPU
		{7CFC6E8E-0067-4B72-B75B-118C9C656189}.Debug|Any CPU.ActiveCfg = Debug|Any CPU
		{7CFC6E8E-0067-4B72-B75B-118C9C656189}.Debug|Any CPU.Build.0 = Debug|Any CPU
		{7CFC6E8E-0067-4B72-B75B-118C9C656189}.Release|Any CPU.ActiveCfg = Release|Any CPU
		{7CFC6E8E-0067-4B72-B75B-118C9C656189}.Release|Any CPU.Build.0 = Release|Any CPU
		{7CFC6E8E-0067-4B72-B75B-118C9C656189}.Stable|Any CPU.ActiveCfg = Release|Any CPU
		{7CFC6E8E-0067-4B72-B75B-118C9C656189}.Stable|Any CPU.Build.0 = Release|Any CPU
		{B1389F52-901D-404F-9AFF-557AF6FC880F}.Debug|Any CPU.ActiveCfg = Debug|Any CPU
		{B1389F52-901D-404F-9AFF-557AF6FC880F}.Debug|Any CPU.Build.0 = Debug|Any CPU
		{B1389F52-901D-404F-9AFF-557AF6FC880F}.Release|Any CPU.ActiveCfg = Release|Any CPU
		{B1389F52-901D-404F-9AFF-557AF6FC880F}.Release|Any CPU.Build.0 = Release|Any CPU
		{B1389F52-901D-404F-9AFF-557AF6FC880F}.Stable|Any CPU.ActiveCfg = Release|Any CPU
		{B1389F52-901D-404F-9AFF-557AF6FC880F}.Stable|Any CPU.Build.0 = Release|Any CPU
		{E1C00979-8878-4E3F-9FFF-668E0A4C660B}.Debug|Any CPU.ActiveCfg = Debug|Any CPU
		{E1C00979-8878-4E3F-9FFF-668E0A4C660B}.Debug|Any CPU.Build.0 = Debug|Any CPU
		{E1C00979-8878-4E3F-9FFF-668E0A4C660B}.Release|Any CPU.ActiveCfg = Release|Any CPU
		{E1C00979-8878-4E3F-9FFF-668E0A4C660B}.Release|Any CPU.Build.0 = Release|Any CPU
		{E1C00979-8878-4E3F-9FFF-668E0A4C660B}.Stable|Any CPU.ActiveCfg = Release|Any CPU
		{E1C00979-8878-4E3F-9FFF-668E0A4C660B}.Stable|Any CPU.Build.0 = Release|Any CPU
		{90E0BC76-4BAD-4540-9862-1EBE5D4DDBD4}.Debug|Any CPU.ActiveCfg = Debug|Any CPU
		{90E0BC76-4BAD-4540-9862-1EBE5D4DDBD4}.Debug|Any CPU.Build.0 = Debug|Any CPU
		{90E0BC76-4BAD-4540-9862-1EBE5D4DDBD4}.Release|Any CPU.ActiveCfg = Release|Any CPU
		{90E0BC76-4BAD-4540-9862-1EBE5D4DDBD4}.Release|Any CPU.Build.0 = Release|Any CPU
		{90E0BC76-4BAD-4540-9862-1EBE5D4DDBD4}.Stable|Any CPU.ActiveCfg = Release|Any CPU
		{90E0BC76-4BAD-4540-9862-1EBE5D4DDBD4}.Stable|Any CPU.Build.0 = Release|Any CPU
		{0C56745C-C82B-409A-8A39-5164D8C21E4C}.Debug|Any CPU.ActiveCfg = Debug|Any CPU
		{0C56745C-C82B-409A-8A39-5164D8C21E4C}.Debug|Any CPU.Build.0 = Debug|Any CPU
		{0C56745C-C82B-409A-8A39-5164D8C21E4C}.Release|Any CPU.ActiveCfg = Release|Any CPU
		{0C56745C-C82B-409A-8A39-5164D8C21E4C}.Release|Any CPU.Build.0 = Release|Any CPU
		{0C56745C-C82B-409A-8A39-5164D8C21E4C}.Stable|Any CPU.ActiveCfg = Release|Any CPU
		{0C56745C-C82B-409A-8A39-5164D8C21E4C}.Stable|Any CPU.Build.0 = Release|Any CPU
		{41DCAFC0-9749-498B-93BE-1EFE4573BF7F}.Debug|Any CPU.ActiveCfg = Debug|Any CPU
		{41DCAFC0-9749-498B-93BE-1EFE4573BF7F}.Debug|Any CPU.Build.0 = Debug|Any CPU
		{41DCAFC0-9749-498B-93BE-1EFE4573BF7F}.Release|Any CPU.ActiveCfg = Release|Any CPU
		{41DCAFC0-9749-498B-93BE-1EFE4573BF7F}.Release|Any CPU.Build.0 = Release|Any CPU
		{41DCAFC0-9749-498B-93BE-1EFE4573BF7F}.Stable|Any CPU.ActiveCfg = Release|Any CPU
		{41DCAFC0-9749-498B-93BE-1EFE4573BF7F}.Stable|Any CPU.Build.0 = Release|Any CPU
		{05FF5965-D9B2-45B5-B78C-2AE4333F4FAD}.Debug|Any CPU.ActiveCfg = Debug|Any CPU
		{05FF5965-D9B2-45B5-B78C-2AE4333F4FAD}.Debug|Any CPU.Build.0 = Debug|Any CPU
		{05FF5965-D9B2-45B5-B78C-2AE4333F4FAD}.Release|Any CPU.ActiveCfg = Release|Any CPU
		{05FF5965-D9B2-45B5-B78C-2AE4333F4FAD}.Release|Any CPU.Build.0 = Release|Any CPU
		{05FF5965-D9B2-45B5-B78C-2AE4333F4FAD}.Stable|Any CPU.ActiveCfg = Release|Any CPU
		{05FF5965-D9B2-45B5-B78C-2AE4333F4FAD}.Stable|Any CPU.Build.0 = Release|Any CPU
		{B2748B7E-50C2-42FA-81F8-C9B66CA568BC}.Debug|Any CPU.ActiveCfg = Debug|Any CPU
		{B2748B7E-50C2-42FA-81F8-C9B66CA568BC}.Debug|Any CPU.Build.0 = Debug|Any CPU
		{B2748B7E-50C2-42FA-81F8-C9B66CA568BC}.Release|Any CPU.ActiveCfg = Release|Any CPU
		{B2748B7E-50C2-42FA-81F8-C9B66CA568BC}.Release|Any CPU.Build.0 = Release|Any CPU
		{B2748B7E-50C2-42FA-81F8-C9B66CA568BC}.Stable|Any CPU.ActiveCfg = Release|Any CPU
		{B2748B7E-50C2-42FA-81F8-C9B66CA568BC}.Stable|Any CPU.Build.0 = Release|Any CPU
		{F65E9381-4029-4F5B-A85D-FC5EA906711A}.Debug|Any CPU.ActiveCfg = Debug|Any CPU
		{F65E9381-4029-4F5B-A85D-FC5EA906711A}.Debug|Any CPU.Build.0 = Debug|Any CPU
		{F65E9381-4029-4F5B-A85D-FC5EA906711A}.Release|Any CPU.ActiveCfg = Release|Any CPU
		{F65E9381-4029-4F5B-A85D-FC5EA906711A}.Release|Any CPU.Build.0 = Release|Any CPU
		{F65E9381-4029-4F5B-A85D-FC5EA906711A}.Stable|Any CPU.ActiveCfg = Release|Any CPU
		{F65E9381-4029-4F5B-A85D-FC5EA906711A}.Stable|Any CPU.Build.0 = Release|Any CPU
		{95267D89-596A-4EF8-9795-5526E3FE9A2A}.Debug|Any CPU.ActiveCfg = Debug|Any CPU
		{95267D89-596A-4EF8-9795-5526E3FE9A2A}.Debug|Any CPU.Build.0 = Debug|Any CPU
		{95267D89-596A-4EF8-9795-5526E3FE9A2A}.Release|Any CPU.ActiveCfg = Release|Any CPU
		{95267D89-596A-4EF8-9795-5526E3FE9A2A}.Release|Any CPU.Build.0 = Release|Any CPU
		{95267D89-596A-4EF8-9795-5526E3FE9A2A}.Stable|Any CPU.ActiveCfg = Release|Any CPU
		{95267D89-596A-4EF8-9795-5526E3FE9A2A}.Stable|Any CPU.Build.0 = Release|Any CPU
		{FD226A7D-0EAE-4D7F-9DE2-EB92628640C2}.Debug|Any CPU.ActiveCfg = Debug|Any CPU
		{FD226A7D-0EAE-4D7F-9DE2-EB92628640C2}.Debug|Any CPU.Build.0 = Debug|Any CPU
		{FD226A7D-0EAE-4D7F-9DE2-EB92628640C2}.Release|Any CPU.ActiveCfg = Release|Any CPU
		{FD226A7D-0EAE-4D7F-9DE2-EB92628640C2}.Release|Any CPU.Build.0 = Release|Any CPU
		{FD226A7D-0EAE-4D7F-9DE2-EB92628640C2}.Stable|Any CPU.ActiveCfg = Release|Any CPU
		{FD226A7D-0EAE-4D7F-9DE2-EB92628640C2}.Stable|Any CPU.Build.0 = Release|Any CPU
		{3E82D98F-EBDA-4CDA-8F6A-D77D92433CEC}.Debug|Any CPU.ActiveCfg = Debug|Any CPU
		{3E82D98F-EBDA-4CDA-8F6A-D77D92433CEC}.Debug|Any CPU.Build.0 = Debug|Any CPU
		{3E82D98F-EBDA-4CDA-8F6A-D77D92433CEC}.Release|Any CPU.ActiveCfg = Release|Any CPU
		{3E82D98F-EBDA-4CDA-8F6A-D77D92433CEC}.Release|Any CPU.Build.0 = Release|Any CPU
		{3E82D98F-EBDA-4CDA-8F6A-D77D92433CEC}.Stable|Any CPU.ActiveCfg = Release|Any CPU
		{3E82D98F-EBDA-4CDA-8F6A-D77D92433CEC}.Stable|Any CPU.Build.0 = Release|Any CPU
		{668F6D11-97F0-4745-B537-8B3B8BC46EA5}.Debug|Any CPU.ActiveCfg = Debug|Any CPU
		{668F6D11-97F0-4745-B537-8B3B8BC46EA5}.Debug|Any CPU.Build.0 = Debug|Any CPU
		{668F6D11-97F0-4745-B537-8B3B8BC46EA5}.Release|Any CPU.ActiveCfg = Release|Any CPU
		{668F6D11-97F0-4745-B537-8B3B8BC46EA5}.Release|Any CPU.Build.0 = Release|Any CPU
		{668F6D11-97F0-4745-B537-8B3B8BC46EA5}.Stable|Any CPU.ActiveCfg = Release|Any CPU
		{668F6D11-97F0-4745-B537-8B3B8BC46EA5}.Stable|Any CPU.Build.0 = Release|Any CPU
	EndGlobalSection
	GlobalSection(SolutionProperties) = preSolution
		HideSolutionNode = FALSE
	EndGlobalSection
	GlobalSection(NestedProjects) = preSolution
		{E7E145ED-1938-4C09-B432-DC7D7A2D5DDB} = {0BDB17A9-D5A8-45BE-B374-6285064D85B7}
		{65549F72-59C5-416A-8B71-5757BAE8B35D} = {0BDB17A9-D5A8-45BE-B374-6285064D85B7}
		{CF5FDC21-2FF8-42FB-875F-D9A0701BAE9F} = {0BDB17A9-D5A8-45BE-B374-6285064D85B7}
		{FB65CB05-DB0C-4CD6-9A89-CF8E973E1D47} = {0BDB17A9-D5A8-45BE-B374-6285064D85B7}
		{D97B40B0-DEBE-49EA-A630-7AA4E1E46C82} = {0BDB17A9-D5A8-45BE-B374-6285064D85B7}
		{8AA81A2A-3F7E-4193-BD61-3BA7D7C785D9} = {0BDB17A9-D5A8-45BE-B374-6285064D85B7}
		{A0CE70F0-6F13-47F5-9B61-69F6BE1AB082} = {0BDB17A9-D5A8-45BE-B374-6285064D85B7}
		{C228EE51-9C2D-4FDC-A5BC-4DE6E8E6C399} = {0BDB17A9-D5A8-45BE-B374-6285064D85B7}
		{2375AA6C-6B2C-4C4E-8CF0-8B3C1D406AEA} = {0BDB17A9-D5A8-45BE-B374-6285064D85B7}
		{C2591795-C58C-4B9A-A1DD-38669C0B0B3D} = {0BDB17A9-D5A8-45BE-B374-6285064D85B7}
		{C8867A15-9144-48FD-8816-0283FDB38C6B} = {0BDB17A9-D5A8-45BE-B374-6285064D85B7}
		{1180F396-1735-42CE-8D6C-B992A921FA5E} = {EF83B474-35D2-4C87-9054-9ABCE360116C}
		{29F8B209-AF74-4338-8294-96EC8D9DC9AA} = {1180F396-1735-42CE-8D6C-B992A921FA5E}
		{84D98C9C-03C8-4133-A47C-32577D463AB4} = {1180F396-1735-42CE-8D6C-B992A921FA5E}
		{1E636D2D-609A-46BA-9B01-765D48DC40C3} = {B8621852-A5D7-4AA9-9241-1C4864380729}
		{858BA67D-B721-4518-8C80-F091813A9A78} = {6779E8F6-0418-445D-A8D0-D4E0A8F74321}
		{BD05FE0E-BD34-4D05-BBB0-DFA9552B5D0E} = {6779E8F6-0418-445D-A8D0-D4E0A8F74321}
		{E15831FF-8239-4BD5-AF97-8A68F104CA95} = {36DC376F-1E51-4991-8BF1-BFF052B4CA13}
		{B8621852-A5D7-4AA9-9241-1C4864380729} = {5FD34BB1-2475-47DC-BAF9-530DC7E952B0}
		{6779E8F6-0418-445D-A8D0-D4E0A8F74321} = {F864A4CD-51E1-401C-BFD1-3C39F2FE180B}
		{F23B8AD5-5C3B-4C9A-BC11-3577F1CB3272} = {E4ED3C11-31E7-4F57-89FC-F0D993DA059D}
		{D5FCD526-1C19-410F-8CE4-2B4C4C5B12CA} = {E4ED3C11-31E7-4F57-89FC-F0D993DA059D}
		{7CFC6E8E-0067-4B72-B75B-118C9C656189} = {E4ED3C11-31E7-4F57-89FC-F0D993DA059D}
		{B1389F52-901D-404F-9AFF-557AF6FC880F} = {E4ED3C11-31E7-4F57-89FC-F0D993DA059D}
		{E1C00979-8878-4E3F-9FFF-668E0A4C660B} = {0BDB17A9-D5A8-45BE-B374-6285064D85B7}
		{90E0BC76-4BAD-4540-9862-1EBE5D4DDBD4} = {0BDB17A9-D5A8-45BE-B374-6285064D85B7}
		{0C56745C-C82B-409A-8A39-5164D8C21E4C} = {1180F396-1735-42CE-8D6C-B992A921FA5E}
		{41DCAFC0-9749-498B-93BE-1EFE4573BF7F} = {5E23AE61-984E-4C9F-8E1A-FC70473F90EE}
		{05FF5965-D9B2-45B5-B78C-2AE4333F4FAD} = {5E23AE61-984E-4C9F-8E1A-FC70473F90EE}
		{5E23AE61-984E-4C9F-8E1A-FC70473F90EE} = {1180F396-1735-42CE-8D6C-B992A921FA5E}
		{B2748B7E-50C2-42FA-81F8-C9B66CA568BC} = {5E23AE61-984E-4C9F-8E1A-FC70473F90EE}
		{F65E9381-4029-4F5B-A85D-FC5EA906711A} = {1D8A3B86-0F54-4690-A30A-D47B26F8B056}
		{95267D89-596A-4EF8-9795-5526E3FE9A2A} = {1D8A3B86-0F54-4690-A30A-D47B26F8B056}
		{1D8A3B86-0F54-4690-A30A-D47B26F8B056} = {1180F396-1735-42CE-8D6C-B992A921FA5E}
		{A35B9DE5-C3E7-4799-BF17-4AED3B723414} = {1180F396-1735-42CE-8D6C-B992A921FA5E}
		{FD226A7D-0EAE-4D7F-9DE2-EB92628640C2} = {A35B9DE5-C3E7-4799-BF17-4AED3B723414}
		{3E82D98F-EBDA-4CDA-8F6A-D77D92433CEC} = {A35B9DE5-C3E7-4799-BF17-4AED3B723414}
		{668F6D11-97F0-4745-B537-8B3B8BC46EA5} = {1180F396-1735-42CE-8D6C-B992A921FA5E}
	EndGlobalSection
EndGlobal
