
Microsoft Visual Studio Solution File, Format Version 12.00
# Visual Studio 14
VisualStudioVersion = 14.0.25123.0
MinimumVisualStudioVersion = 10.0.40219.1
Project("{FAE04EC0-301F-11D3-BF4B-00C04F79EFBC}") = "WurmAssistant3.Core", "WurmAssistant3.Core\WurmAssistant3.Core.csproj", "{DA679803-09BD-4D44-9C0B-2DCC4D179F6B}"
EndProject
Project("{FAE04EC0-301F-11D3-BF4B-00C04F79EFBC}") = "WurmAssistant3.Tests", "WurmAssistant3.Tests\WurmAssistant3.Tests.csproj", "{84D98C9C-03C8-4133-A47C-32577D463AB4}"
EndProject
Project("{2150E333-8FDC-42A3-9474-1A3956D46DE8}") = "AldursLab", "AldursLab", "{1038DFDD-F4C9-4DBA-A83F-59CDF1D37EF9}"
EndProject
Project("{FAE04EC0-301F-11D3-BF4B-00C04F79EFBC}") = "Essentials", "..\modules\AldursLab\Lab\Essentials\Essentials.csproj", "{E7E145ED-1938-4C09-B432-DC7D7A2D5DDB}"
EndProject
Project("{FAE04EC0-301F-11D3-BF4B-00C04F79EFBC}") = "PersistentObjects", "..\modules\AldursLab\Lab\PersistentObjects\PersistentObjects.csproj", "{0962A106-B1B2-4E21-9931-81D68A98ED37}"
EndProject
Project("{FAE04EC0-301F-11D3-BF4B-00C04F79EFBC}") = "Testing", "..\modules\AldursLab\Lab\Testing\Testing.csproj", "{A0CE70F0-6F13-47F5-9B61-69F6BE1AB082}"
EndProject
Project("{FAE04EC0-301F-11D3-BF4B-00C04F79EFBC}") = "Gui.Wpf", "..\modules\AldursLab\Lab\Gui.Wpf\Gui.Wpf.csproj", "{3285F7B4-5F46-4120-8CDB-10CD815D7650}"
EndProject
Project("{FAE04EC0-301F-11D3-BF4B-00C04F79EFBC}") = "Gui", "..\modules\AldursLab\Lab\Gui\Gui.csproj", "{1EA6D250-6EA0-4C5D-B681-6BCF9B0A8F02}"
EndProject
Project("{FAE04EC0-301F-11D3-BF4B-00C04F79EFBC}") = "WurmAssistant.Shared", "WurmAssistant.Shared\WurmAssistant.Shared.csproj", "{2375AA6C-6B2C-4C4E-8CF0-8B3C1D406AEA}"
EndProject
Project("{FAE04EC0-301F-11D3-BF4B-00C04F79EFBC}") = "Essentials.Tests", "..\modules\AldursLab\Lab\Essentials.Tests\Essentials.Tests.csproj", "{65549F72-59C5-416A-8B71-5757BAE8B35D}"
EndProject
Project("{FAE04EC0-301F-11D3-BF4B-00C04F79EFBC}") = "PersistentObjects.Tests", "..\modules\AldursLab\Lab\PersistentObjects.Tests\PersistentObjects.Tests.csproj", "{8AA81A2A-3F7E-4193-BD61-3BA7D7C785D9}"
EndProject
Project("{2150E333-8FDC-42A3-9474-1A3956D46DE8}") = "Solution Items", "Solution Items", "{834E44A1-4276-4102-8F03-2AB1F9B21747}"
	ProjectSection(SolutionItems) = preProject
		Performance1.psess = Performance1.psess
	EndProjectSection
EndProject
Project("{2150E333-8FDC-42A3-9474-1A3956D46DE8}") = "DataTransfer", "DataTransfer", "{F1822F63-F88F-46C0-B418-C381F194896E}"
EndProject
Project("{FAE04EC0-301F-11D3-BF4B-00C04F79EFBC}") = "WurmAssistantDataTransfer", "..\modules\WurmAssistantDataTransfer\WurmAssistantDataTransfer\WurmAssistantDataTransfer\WurmAssistantDataTransfer.csproj", "{C2591795-C58C-4B9A-A1DD-38669C0B0B3D}"
EndProject
Project("{FAE04EC0-301F-11D3-BF4B-00C04F79EFBC}") = "WurmAssistantDataTransfer.Dtos", "..\modules\WurmAssistantDataTransfer\WurmAssistantDataTransfer\WurmAssistantDataTransfer.Dtos\WurmAssistantDataTransfer.Dtos.csproj", "{C8867A15-9144-48FD-8816-0283FDB38C6B}"
EndProject
Project("{FAE04EC0-301F-11D3-BF4B-00C04F79EFBC}") = "WurmAssistant3", "WurmAssistant3\WurmAssistant3.csproj", "{29F8B209-AF74-4338-8294-96EC8D9DC9AA}"
EndProject
Project("{FAE04EC0-301F-11D3-BF4B-00C04F79EFBC}") = "WurmApi", "WurmApi\WurmApi.csproj", "{F23B8AD5-5C3B-4C9A-BC11-3577F1CB3272}"
EndProject
Project("{FAE04EC0-301F-11D3-BF4B-00C04F79EFBC}") = "WurmApi.Tests.Integration", "WurmApi.Tests.Integration\WurmApi.Tests.Integration.csproj", "{D5FCD526-1C19-410F-8CE4-2B4C4C5B12CA}"
EndProject
Project("{FAE04EC0-301F-11D3-BF4B-00C04F79EFBC}") = "WurmApi.Tests.Manual", "WurmApi.Tests.Manual\WurmApi.Tests.Manual.csproj", "{7CFC6E8E-0067-4B72-B75B-118C9C656189}"
EndProject
Project("{FAE04EC0-301F-11D3-BF4B-00C04F79EFBC}") = "WurmApi.Contracts", "WurmApi.Contracts\WurmApi.Contracts.csproj", "{A03FDBCC-5935-436C-A1C6-05E84D2BCAEE}"
EndProject
Project("{FAE04EC0-301F-11D3-BF4B-00C04F79EFBC}") = "WurmApi.Tests.Unit", "WurmApi.Tests.Unit\WurmApi.Tests.Unit.csproj", "{B1389F52-901D-404F-9AFF-557AF6FC880F}"
EndProject
Global
	GlobalSection(SolutionConfigurationPlatforms) = preSolution
		Debug|Any CPU = Debug|Any CPU
		Release|Any CPU = Release|Any CPU
	EndGlobalSection
	GlobalSection(ProjectConfigurationPlatforms) = postSolution
		{DA679803-09BD-4D44-9C0B-2DCC4D179F6B}.Debug|Any CPU.ActiveCfg = Debug|Any CPU
		{DA679803-09BD-4D44-9C0B-2DCC4D179F6B}.Debug|Any CPU.Build.0 = Debug|Any CPU
		{DA679803-09BD-4D44-9C0B-2DCC4D179F6B}.Release|Any CPU.ActiveCfg = Release|Any CPU
		{DA679803-09BD-4D44-9C0B-2DCC4D179F6B}.Release|Any CPU.Build.0 = Release|Any CPU
		{84D98C9C-03C8-4133-A47C-32577D463AB4}.Debug|Any CPU.ActiveCfg = Debug|Any CPU
		{84D98C9C-03C8-4133-A47C-32577D463AB4}.Debug|Any CPU.Build.0 = Debug|Any CPU
		{84D98C9C-03C8-4133-A47C-32577D463AB4}.Release|Any CPU.ActiveCfg = Release|Any CPU
		{84D98C9C-03C8-4133-A47C-32577D463AB4}.Release|Any CPU.Build.0 = Release|Any CPU
		{E7E145ED-1938-4C09-B432-DC7D7A2D5DDB}.Debug|Any CPU.ActiveCfg = Debug|Any CPU
		{E7E145ED-1938-4C09-B432-DC7D7A2D5DDB}.Debug|Any CPU.Build.0 = Debug|Any CPU
		{E7E145ED-1938-4C09-B432-DC7D7A2D5DDB}.Release|Any CPU.ActiveCfg = Release|Any CPU
		{E7E145ED-1938-4C09-B432-DC7D7A2D5DDB}.Release|Any CPU.Build.0 = Release|Any CPU
		{0962A106-B1B2-4E21-9931-81D68A98ED37}.Debug|Any CPU.ActiveCfg = Debug|Any CPU
		{0962A106-B1B2-4E21-9931-81D68A98ED37}.Debug|Any CPU.Build.0 = Debug|Any CPU
		{0962A106-B1B2-4E21-9931-81D68A98ED37}.Release|Any CPU.ActiveCfg = Release|Any CPU
		{0962A106-B1B2-4E21-9931-81D68A98ED37}.Release|Any CPU.Build.0 = Release|Any CPU
		{A0CE70F0-6F13-47F5-9B61-69F6BE1AB082}.Debug|Any CPU.ActiveCfg = Debug|Any CPU
		{A0CE70F0-6F13-47F5-9B61-69F6BE1AB082}.Debug|Any CPU.Build.0 = Debug|Any CPU
		{A0CE70F0-6F13-47F5-9B61-69F6BE1AB082}.Release|Any CPU.ActiveCfg = Release|Any CPU
		{A0CE70F0-6F13-47F5-9B61-69F6BE1AB082}.Release|Any CPU.Build.0 = Release|Any CPU
		{3285F7B4-5F46-4120-8CDB-10CD815D7650}.Debug|Any CPU.ActiveCfg = Debug|Any CPU
		{3285F7B4-5F46-4120-8CDB-10CD815D7650}.Debug|Any CPU.Build.0 = Debug|Any CPU
		{3285F7B4-5F46-4120-8CDB-10CD815D7650}.Release|Any CPU.ActiveCfg = Release|Any CPU
		{3285F7B4-5F46-4120-8CDB-10CD815D7650}.Release|Any CPU.Build.0 = Release|Any CPU
		{1EA6D250-6EA0-4C5D-B681-6BCF9B0A8F02}.Debug|Any CPU.ActiveCfg = Debug|Any CPU
		{1EA6D250-6EA0-4C5D-B681-6BCF9B0A8F02}.Debug|Any CPU.Build.0 = Debug|Any CPU
		{1EA6D250-6EA0-4C5D-B681-6BCF9B0A8F02}.Release|Any CPU.ActiveCfg = Release|Any CPU
		{1EA6D250-6EA0-4C5D-B681-6BCF9B0A8F02}.Release|Any CPU.Build.0 = Release|Any CPU
		{2375AA6C-6B2C-4C4E-8CF0-8B3C1D406AEA}.Debug|Any CPU.ActiveCfg = Debug|Any CPU
		{2375AA6C-6B2C-4C4E-8CF0-8B3C1D406AEA}.Debug|Any CPU.Build.0 = Debug|Any CPU
		{2375AA6C-6B2C-4C4E-8CF0-8B3C1D406AEA}.Release|Any CPU.ActiveCfg = Release|Any CPU
		{2375AA6C-6B2C-4C4E-8CF0-8B3C1D406AEA}.Release|Any CPU.Build.0 = Release|Any CPU
		{65549F72-59C5-416A-8B71-5757BAE8B35D}.Debug|Any CPU.ActiveCfg = Debug|Any CPU
		{65549F72-59C5-416A-8B71-5757BAE8B35D}.Debug|Any CPU.Build.0 = Debug|Any CPU
		{65549F72-59C5-416A-8B71-5757BAE8B35D}.Release|Any CPU.ActiveCfg = Release|Any CPU
		{65549F72-59C5-416A-8B71-5757BAE8B35D}.Release|Any CPU.Build.0 = Release|Any CPU
		{8AA81A2A-3F7E-4193-BD61-3BA7D7C785D9}.Debug|Any CPU.ActiveCfg = Debug|Any CPU
		{8AA81A2A-3F7E-4193-BD61-3BA7D7C785D9}.Debug|Any CPU.Build.0 = Debug|Any CPU
		{8AA81A2A-3F7E-4193-BD61-3BA7D7C785D9}.Release|Any CPU.ActiveCfg = Release|Any CPU
		{8AA81A2A-3F7E-4193-BD61-3BA7D7C785D9}.Release|Any CPU.Build.0 = Release|Any CPU
		{C2591795-C58C-4B9A-A1DD-38669C0B0B3D}.Debug|Any CPU.ActiveCfg = Debug|Any CPU
		{C2591795-C58C-4B9A-A1DD-38669C0B0B3D}.Debug|Any CPU.Build.0 = Debug|Any CPU
		{C2591795-C58C-4B9A-A1DD-38669C0B0B3D}.Release|Any CPU.ActiveCfg = Release|Any CPU
		{C2591795-C58C-4B9A-A1DD-38669C0B0B3D}.Release|Any CPU.Build.0 = Release|Any CPU
		{C8867A15-9144-48FD-8816-0283FDB38C6B}.Debug|Any CPU.ActiveCfg = Debug|Any CPU
		{C8867A15-9144-48FD-8816-0283FDB38C6B}.Debug|Any CPU.Build.0 = Debug|Any CPU
		{C8867A15-9144-48FD-8816-0283FDB38C6B}.Release|Any CPU.ActiveCfg = Release|Any CPU
		{C8867A15-9144-48FD-8816-0283FDB38C6B}.Release|Any CPU.Build.0 = Release|Any CPU
		{29F8B209-AF74-4338-8294-96EC8D9DC9AA}.Debug|Any CPU.ActiveCfg = Debug|Any CPU
		{29F8B209-AF74-4338-8294-96EC8D9DC9AA}.Debug|Any CPU.Build.0 = Debug|Any CPU
		{29F8B209-AF74-4338-8294-96EC8D9DC9AA}.Release|Any CPU.ActiveCfg = Release|Any CPU
		{29F8B209-AF74-4338-8294-96EC8D9DC9AA}.Release|Any CPU.Build.0 = Release|Any CPU
		{F23B8AD5-5C3B-4C9A-BC11-3577F1CB3272}.Debug|Any CPU.ActiveCfg = Debug|Any CPU
		{F23B8AD5-5C3B-4C9A-BC11-3577F1CB3272}.Debug|Any CPU.Build.0 = Debug|Any CPU
		{F23B8AD5-5C3B-4C9A-BC11-3577F1CB3272}.Release|Any CPU.ActiveCfg = Release|Any CPU
		{F23B8AD5-5C3B-4C9A-BC11-3577F1CB3272}.Release|Any CPU.Build.0 = Release|Any CPU
		{D5FCD526-1C19-410F-8CE4-2B4C4C5B12CA}.Debug|Any CPU.ActiveCfg = Debug|Any CPU
		{D5FCD526-1C19-410F-8CE4-2B4C4C5B12CA}.Debug|Any CPU.Build.0 = Debug|Any CPU
		{D5FCD526-1C19-410F-8CE4-2B4C4C5B12CA}.Release|Any CPU.ActiveCfg = Release|Any CPU
		{D5FCD526-1C19-410F-8CE4-2B4C4C5B12CA}.Release|Any CPU.Build.0 = Release|Any CPU
		{7CFC6E8E-0067-4B72-B75B-118C9C656189}.Debug|Any CPU.ActiveCfg = Debug|Any CPU
		{7CFC6E8E-0067-4B72-B75B-118C9C656189}.Debug|Any CPU.Build.0 = Debug|Any CPU
		{7CFC6E8E-0067-4B72-B75B-118C9C656189}.Release|Any CPU.ActiveCfg = Release|Any CPU
		{7CFC6E8E-0067-4B72-B75B-118C9C656189}.Release|Any CPU.Build.0 = Release|Any CPU
		{A03FDBCC-5935-436C-A1C6-05E84D2BCAEE}.Debug|Any CPU.ActiveCfg = Debug|Any CPU
		{A03FDBCC-5935-436C-A1C6-05E84D2BCAEE}.Debug|Any CPU.Build.0 = Debug|Any CPU
		{A03FDBCC-5935-436C-A1C6-05E84D2BCAEE}.Release|Any CPU.ActiveCfg = Release|Any CPU
		{A03FDBCC-5935-436C-A1C6-05E84D2BCAEE}.Release|Any CPU.Build.0 = Release|Any CPU
		{B1389F52-901D-404F-9AFF-557AF6FC880F}.Debug|Any CPU.ActiveCfg = Debug|Any CPU
		{B1389F52-901D-404F-9AFF-557AF6FC880F}.Debug|Any CPU.Build.0 = Debug|Any CPU
		{B1389F52-901D-404F-9AFF-557AF6FC880F}.Release|Any CPU.ActiveCfg = Release|Any CPU
		{B1389F52-901D-404F-9AFF-557AF6FC880F}.Release|Any CPU.Build.0 = Release|Any CPU
	EndGlobalSection
	GlobalSection(SolutionProperties) = preSolution
		HideSolutionNode = FALSE
	EndGlobalSection
	GlobalSection(NestedProjects) = preSolution
		{E7E145ED-1938-4C09-B432-DC7D7A2D5DDB} = {1038DFDD-F4C9-4DBA-A83F-59CDF1D37EF9}
		{0962A106-B1B2-4E21-9931-81D68A98ED37} = {1038DFDD-F4C9-4DBA-A83F-59CDF1D37EF9}
		{A0CE70F0-6F13-47F5-9B61-69F6BE1AB082} = {1038DFDD-F4C9-4DBA-A83F-59CDF1D37EF9}
		{3285F7B4-5F46-4120-8CDB-10CD815D7650} = {1038DFDD-F4C9-4DBA-A83F-59CDF1D37EF9}
		{1EA6D250-6EA0-4C5D-B681-6BCF9B0A8F02} = {1038DFDD-F4C9-4DBA-A83F-59CDF1D37EF9}
		{65549F72-59C5-416A-8B71-5757BAE8B35D} = {1038DFDD-F4C9-4DBA-A83F-59CDF1D37EF9}
		{8AA81A2A-3F7E-4193-BD61-3BA7D7C785D9} = {1038DFDD-F4C9-4DBA-A83F-59CDF1D37EF9}
		{C2591795-C58C-4B9A-A1DD-38669C0B0B3D} = {F1822F63-F88F-46C0-B418-C381F194896E}
		{C8867A15-9144-48FD-8816-0283FDB38C6B} = {F1822F63-F88F-46C0-B418-C381F194896E}
	EndGlobalSection
EndGlobal
