
Microsoft Visual Studio Solution File, Format Version 12.00
# Visual Studio 2013
VisualStudioVersion = 12.0.31101.0
MinimumVisualStudioVersion = 10.0.40219.1
Project("{FAE04EC0-301F-11D3-BF4B-00C04F79EFBC}") = "WurmAssistant.PublishRobot", "WurmAssistant.PublishRobot\WurmAssistant.PublishRobot.csproj", "{858BA67D-B721-4518-8C80-F091813A9A78}"
EndProject
Project("{2150E333-8FDC-42A3-9474-1A3956D46DE8}") = "AldursLab", "AldursLab", "{D3166EBD-236B-4E74-850D-FFAAC5C487FE}"
EndProject
Project("{FAE04EC0-301F-11D3-BF4B-00C04F79EFBC}") = "Essentials", "AldursLab\Essentials\Essentials.csproj", "{E7E145ED-1938-4C09-B432-DC7D7A2D5DDB}"
EndProject
Project("{FAE04EC0-301F-11D3-BF4B-00C04F79EFBC}") = "WurmAssistant.PublishRobot.WebServiceTester", "WurmAssistant.PublishRobot.WebServiceTester\WurmAssistant.PublishRobot.WebServiceTester.csproj", "{BD05FE0E-BD34-4D05-BBB0-DFA9552B5D0E}"
EndProject
Project("{FAE04EC0-301F-11D3-BF4B-00C04F79EFBC}") = "WurmAssistant.Shared", "WurmAssistant.Shared\WurmAssistant.Shared.csproj", "{2375AA6C-6B2C-4C4E-8CF0-8B3C1D406AEA}"
EndProject
Global
	GlobalSection(SolutionConfigurationPlatforms) = preSolution
		Debug|Any CPU = Debug|Any CPU
		Release|Any CPU = Release|Any CPU
	EndGlobalSection
	GlobalSection(ProjectConfigurationPlatforms) = postSolution
		{858BA67D-B721-4518-8C80-F091813A9A78}.Debug|Any CPU.ActiveCfg = Debug|Any CPU
		{858BA67D-B721-4518-8C80-F091813A9A78}.Debug|Any CPU.Build.0 = Debug|Any CPU
		{858BA67D-B721-4518-8C80-F091813A9A78}.Release|Any CPU.ActiveCfg = Release|Any CPU
		{858BA67D-B721-4518-8C80-F091813A9A78}.Release|Any CPU.Build.0 = Release|Any CPU
		{E7E145ED-1938-4C09-B432-DC7D7A2D5DDB}.Debug|Any CPU.ActiveCfg = Debug|Any CPU
		{E7E145ED-1938-4C09-B432-DC7D7A2D5DDB}.Debug|Any CPU.Build.0 = Debug|Any CPU
		{E7E145ED-1938-4C09-B432-DC7D7A2D5DDB}.Release|Any CPU.ActiveCfg = Release|Any CPU
		{E7E145ED-1938-4C09-B432-DC7D7A2D5DDB}.Release|Any CPU.Build.0 = Release|Any CPU
		{BD05FE0E-BD34-4D05-BBB0-DFA9552B5D0E}.Debug|Any CPU.ActiveCfg = Debug|Any CPU
		{BD05FE0E-BD34-4D05-BBB0-DFA9552B5D0E}.Debug|Any CPU.Build.0 = Debug|Any CPU
		{BD05FE0E-BD34-4D05-BBB0-DFA9552B5D0E}.Release|Any CPU.ActiveCfg = Release|Any CPU
		{BD05FE0E-BD34-4D05-BBB0-DFA9552B5D0E}.Release|Any CPU.Build.0 = Release|Any CPU
		{2375AA6C-6B2C-4C4E-8CF0-8B3C1D406AEA}.Debug|Any CPU.ActiveCfg = Debug|Any CPU
		{2375AA6C-6B2C-4C4E-8CF0-8B3C1D406AEA}.Debug|Any CPU.Build.0 = Debug|Any CPU
		{2375AA6C-6B2C-4C4E-8CF0-8B3C1D406AEA}.Release|Any CPU.ActiveCfg = Release|Any CPU
		{2375AA6C-6B2C-4C4E-8CF0-8B3C1D406AEA}.Release|Any CPU.Build.0 = Release|Any CPU
	EndGlobalSection
	GlobalSection(SolutionProperties) = preSolution
		HideSolutionNode = FALSE
	EndGlobalSection
	GlobalSection(NestedProjects) = preSolution
		{E7E145ED-1938-4C09-B432-DC7D7A2D5DDB} = {D3166EBD-236B-4E74-850D-FFAAC5C487FE}
	EndGlobalSection
EndGlobal
